// !$*UTF8*$!
{
	archiveVersion = 1;
	classes = {
	};
	objectVersion = 46;
	objects = {

/* Begin PBXBuildFile section */
		532345BE1DDC60BA0077CE83 /* main.m in Sources */ = {isa = PBXBuildFile; fileRef = 532345BD1DDC60BA0077CE83 /* main.m */; };
		532345C11DDC60BA0077CE83 /* AppDelegate.m in Sources */ = {isa = PBXBuildFile; fileRef = 532345C01DDC60BA0077CE83 /* AppDelegate.m */; };
		532345C41DDC60BA0077CE83 /* ViewController.m in Sources */ = {isa = PBXBuildFile; fileRef = 532345C31DDC60BA0077CE83 /* ViewController.m */; };
		532345C71DDC60BA0077CE83 /* Main.storyboard in Resources */ = {isa = PBXBuildFile; fileRef = 532345C51DDC60BA0077CE83 /* Main.storyboard */; };
		532345C91DDC60BA0077CE83 /* Assets.xcassets in Resources */ = {isa = PBXBuildFile; fileRef = 532345C81DDC60BA0077CE83 /* Assets.xcassets */; };
		532345CC1DDC60BA0077CE83 /* LaunchScreen.storyboard in Resources */ = {isa = PBXBuildFile; fileRef = 532345CA1DDC60BA0077CE83 /* LaunchScreen.storyboard */; };
		532346941DDC61760077CE83 /* EXTRuntimeExtensions.m in Sources */ = {isa = PBXBuildFile; fileRef = 532345D91DDC61760077CE83 /* EXTRuntimeExtensions.m */; };
		532346951DDC61760077CE83 /* Info.plist in Resources */ = {isa = PBXBuildFile; fileRef = 532345DC1DDC61760077CE83 /* Info.plist */; };
		532346961DDC61760077CE83 /* MKAnnotationView+RACSignalSupport.m in Sources */ = {isa = PBXBuildFile; fileRef = 532345DE1DDC61760077CE83 /* MKAnnotationView+RACSignalSupport.m */; };
		532346971DDC61760077CE83 /* NSArray+RACSequenceAdditions.m in Sources */ = {isa = PBXBuildFile; fileRef = 532345E01DDC61760077CE83 /* NSArray+RACSequenceAdditions.m */; };
		532346981DDC61760077CE83 /* NSData+RACSupport.m in Sources */ = {isa = PBXBuildFile; fileRef = 532345E21DDC61760077CE83 /* NSData+RACSupport.m */; };
		532346991DDC61760077CE83 /* NSDictionary+RACSequenceAdditions.m in Sources */ = {isa = PBXBuildFile; fileRef = 532345E41DDC61760077CE83 /* NSDictionary+RACSequenceAdditions.m */; };
		5323469A1DDC61760077CE83 /* NSEnumerator+RACSequenceAdditions.m in Sources */ = {isa = PBXBuildFile; fileRef = 532345E61DDC61760077CE83 /* NSEnumerator+RACSequenceAdditions.m */; };
		5323469B1DDC61760077CE83 /* NSFileHandle+RACSupport.m in Sources */ = {isa = PBXBuildFile; fileRef = 532345E81DDC61760077CE83 /* NSFileHandle+RACSupport.m */; };
		5323469C1DDC61760077CE83 /* NSIndexSet+RACSequenceAdditions.m in Sources */ = {isa = PBXBuildFile; fileRef = 532345EA1DDC61760077CE83 /* NSIndexSet+RACSequenceAdditions.m */; };
		5323469D1DDC61760077CE83 /* NSInvocation+RACTypeParsing.m in Sources */ = {isa = PBXBuildFile; fileRef = 532345EC1DDC61760077CE83 /* NSInvocation+RACTypeParsing.m */; };
		5323469E1DDC61760077CE83 /* NSNotificationCenter+RACSupport.m in Sources */ = {isa = PBXBuildFile; fileRef = 532345EE1DDC61760077CE83 /* NSNotificationCenter+RACSupport.m */; };
		5323469F1DDC61760077CE83 /* NSObject+RACDeallocating.m in Sources */ = {isa = PBXBuildFile; fileRef = 532345F01DDC61760077CE83 /* NSObject+RACDeallocating.m */; };
		532346A01DDC61760077CE83 /* NSObject+RACDescription.m in Sources */ = {isa = PBXBuildFile; fileRef = 532345F21DDC61760077CE83 /* NSObject+RACDescription.m */; };
		532346A11DDC61760077CE83 /* NSObject+RACKVOWrapper.m in Sources */ = {isa = PBXBuildFile; fileRef = 532345F41DDC61760077CE83 /* NSObject+RACKVOWrapper.m */; };
		532346A21DDC61760077CE83 /* NSObject+RACLifting.m in Sources */ = {isa = PBXBuildFile; fileRef = 532345F61DDC61760077CE83 /* NSObject+RACLifting.m */; };
		532346A31DDC61760077CE83 /* NSObject+RACPropertySubscribing.m in Sources */ = {isa = PBXBuildFile; fileRef = 532345F81DDC61760077CE83 /* NSObject+RACPropertySubscribing.m */; };
		532346A41DDC61760077CE83 /* NSObject+RACSelectorSignal.m in Sources */ = {isa = PBXBuildFile; fileRef = 532345FA1DDC61760077CE83 /* NSObject+RACSelectorSignal.m */; };
		532346A51DDC61760077CE83 /* NSOrderedSet+RACSequenceAdditions.m in Sources */ = {isa = PBXBuildFile; fileRef = 532345FC1DDC61760077CE83 /* NSOrderedSet+RACSequenceAdditions.m */; };
		532346A61DDC61760077CE83 /* NSSet+RACSequenceAdditions.m in Sources */ = {isa = PBXBuildFile; fileRef = 532345FE1DDC61760077CE83 /* NSSet+RACSequenceAdditions.m */; };
		532346A71DDC61760077CE83 /* NSString+RACKeyPathUtilities.m in Sources */ = {isa = PBXBuildFile; fileRef = 532346001DDC61760077CE83 /* NSString+RACKeyPathUtilities.m */; };
		532346A81DDC61760077CE83 /* NSString+RACSequenceAdditions.m in Sources */ = {isa = PBXBuildFile; fileRef = 532346021DDC61760077CE83 /* NSString+RACSequenceAdditions.m */; };
		532346A91DDC61760077CE83 /* NSString+RACSupport.m in Sources */ = {isa = PBXBuildFile; fileRef = 532346041DDC61760077CE83 /* NSString+RACSupport.m */; };
		532346AA1DDC61760077CE83 /* NSURLConnection+RACSupport.m in Sources */ = {isa = PBXBuildFile; fileRef = 532346061DDC61760077CE83 /* NSURLConnection+RACSupport.m */; };
		532346AB1DDC61760077CE83 /* NSUserDefaults+RACSupport.m in Sources */ = {isa = PBXBuildFile; fileRef = 532346081DDC61760077CE83 /* NSUserDefaults+RACSupport.m */; };
		532346AC1DDC61760077CE83 /* RACArraySequence.m in Sources */ = {isa = PBXBuildFile; fileRef = 5323460A1DDC61760077CE83 /* RACArraySequence.m */; };
		532346AD1DDC61760077CE83 /* RACBehaviorSubject.m in Sources */ = {isa = PBXBuildFile; fileRef = 5323460C1DDC61760077CE83 /* RACBehaviorSubject.m */; };
		532346AE1DDC61760077CE83 /* RACBlockTrampoline.m in Sources */ = {isa = PBXBuildFile; fileRef = 5323460E1DDC61760077CE83 /* RACBlockTrampoline.m */; };
		532346AF1DDC61760077CE83 /* RACChannel.m in Sources */ = {isa = PBXBuildFile; fileRef = 532346101DDC61760077CE83 /* RACChannel.m */; };
		532346B01DDC61760077CE83 /* RACCommand.m in Sources */ = {isa = PBXBuildFile; fileRef = 532346121DDC61760077CE83 /* RACCommand.m */; };
		532346B11DDC61760077CE83 /* RACCompoundDisposable.m in Sources */ = {isa = PBXBuildFile; fileRef = 532346141DDC61760077CE83 /* RACCompoundDisposable.m */; };
		532346B21DDC61760077CE83 /* RACCompoundDisposableProvider.d in Sources */ = {isa = PBXBuildFile; fileRef = 532346151DDC61760077CE83 /* RACCompoundDisposableProvider.d */; };
		532346B31DDC61760077CE83 /* RACDelegateProxy.m in Sources */ = {isa = PBXBuildFile; fileRef = 532346171DDC61760077CE83 /* RACDelegateProxy.m */; };
		532346B41DDC61760077CE83 /* RACDisposable.m in Sources */ = {isa = PBXBuildFile; fileRef = 532346191DDC61760077CE83 /* RACDisposable.m */; };
		532346B51DDC61760077CE83 /* RACDynamicSequence.m in Sources */ = {isa = PBXBuildFile; fileRef = 5323461B1DDC61760077CE83 /* RACDynamicSequence.m */; };
		532346B61DDC61760077CE83 /* RACDynamicSignal.m in Sources */ = {isa = PBXBuildFile; fileRef = 5323461D1DDC61760077CE83 /* RACDynamicSignal.m */; };
		532346B71DDC61760077CE83 /* RACEagerSequence.m in Sources */ = {isa = PBXBuildFile; fileRef = 5323461F1DDC61760077CE83 /* RACEagerSequence.m */; };
		532346B81DDC61760077CE83 /* RACEmptySequence.m in Sources */ = {isa = PBXBuildFile; fileRef = 532346211DDC61760077CE83 /* RACEmptySequence.m */; };
		532346B91DDC61760077CE83 /* RACEmptySignal.m in Sources */ = {isa = PBXBuildFile; fileRef = 532346231DDC61760077CE83 /* RACEmptySignal.m */; };
		532346BA1DDC61760077CE83 /* RACErrorSignal.m in Sources */ = {isa = PBXBuildFile; fileRef = 532346251DDC61760077CE83 /* RACErrorSignal.m */; };
		532346BB1DDC61760077CE83 /* RACEvent.m in Sources */ = {isa = PBXBuildFile; fileRef = 532346271DDC61760077CE83 /* RACEvent.m */; };
		532346BC1DDC61760077CE83 /* RACGroupedSignal.m in Sources */ = {isa = PBXBuildFile; fileRef = 532346291DDC61760077CE83 /* RACGroupedSignal.m */; };
		532346BD1DDC61760077CE83 /* RACImmediateScheduler.m in Sources */ = {isa = PBXBuildFile; fileRef = 5323462B1DDC61760077CE83 /* RACImmediateScheduler.m */; };
		532346BE1DDC61760077CE83 /* RACIndexSetSequence.m in Sources */ = {isa = PBXBuildFile; fileRef = 5323462D1DDC61760077CE83 /* RACIndexSetSequence.m */; };
		532346BF1DDC61760077CE83 /* RACKVOChannel.m in Sources */ = {isa = PBXBuildFile; fileRef = 5323462F1DDC61760077CE83 /* RACKVOChannel.m */; };
		532346C01DDC61760077CE83 /* RACKVOProxy.m in Sources */ = {isa = PBXBuildFile; fileRef = 532346311DDC61760077CE83 /* RACKVOProxy.m */; };
		532346C11DDC61760077CE83 /* RACKVOTrampoline.m in Sources */ = {isa = PBXBuildFile; fileRef = 532346331DDC61760077CE83 /* RACKVOTrampoline.m */; };
		532346C21DDC61760077CE83 /* RACMulticastConnection.m in Sources */ = {isa = PBXBuildFile; fileRef = 532346361DDC61760077CE83 /* RACMulticastConnection.m */; };
		532346C31DDC61760077CE83 /* RACPassthroughSubscriber.m in Sources */ = {isa = PBXBuildFile; fileRef = 532346381DDC61760077CE83 /* RACPassthroughSubscriber.m */; };
		532346C41DDC61760077CE83 /* RACQueueScheduler.m in Sources */ = {isa = PBXBuildFile; fileRef = 5323463B1DDC61760077CE83 /* RACQueueScheduler.m */; };
		532346C51DDC61760077CE83 /* RACReplaySubject.m in Sources */ = {isa = PBXBuildFile; fileRef = 5323463D1DDC61760077CE83 /* RACReplaySubject.m */; };
		532346C61DDC61760077CE83 /* RACReturnSignal.m in Sources */ = {isa = PBXBuildFile; fileRef = 5323463F1DDC61760077CE83 /* RACReturnSignal.m */; };
		532346C71DDC61760077CE83 /* RACScheduler.m in Sources */ = {isa = PBXBuildFile; fileRef = 532346431DDC61760077CE83 /* RACScheduler.m */; };
		532346C81DDC61760077CE83 /* RACScopedDisposable.m in Sources */ = {isa = PBXBuildFile; fileRef = 532346451DDC61760077CE83 /* RACScopedDisposable.m */; };
		532346C91DDC61760077CE83 /* RACSequence.m in Sources */ = {isa = PBXBuildFile; fileRef = 532346471DDC61760077CE83 /* RACSequence.m */; };
		532346CA1DDC61760077CE83 /* RACSerialDisposable.m in Sources */ = {isa = PBXBuildFile; fileRef = 532346491DDC61760077CE83 /* RACSerialDisposable.m */; };
		532346CB1DDC61760077CE83 /* RACSignal+Operations.m in Sources */ = {isa = PBXBuildFile; fileRef = 5323464B1DDC61760077CE83 /* RACSignal+Operations.m */; };
		532346CC1DDC61760077CE83 /* RACSignal.m in Sources */ = {isa = PBXBuildFile; fileRef = 5323464D1DDC61760077CE83 /* RACSignal.m */; };
		532346CD1DDC61760077CE83 /* RACSignalProvider.d in Sources */ = {isa = PBXBuildFile; fileRef = 5323464E1DDC61760077CE83 /* RACSignalProvider.d */; };
		532346CE1DDC61760077CE83 /* RACSignalSequence.m in Sources */ = {isa = PBXBuildFile; fileRef = 532346501DDC61760077CE83 /* RACSignalSequence.m */; };
		532346CF1DDC61760077CE83 /* RACStream.m in Sources */ = {isa = PBXBuildFile; fileRef = 532346531DDC61760077CE83 /* RACStream.m */; };
		532346D01DDC61760077CE83 /* RACStringSequence.m in Sources */ = {isa = PBXBuildFile; fileRef = 532346551DDC61760077CE83 /* RACStringSequence.m */; };
		532346D11DDC61760077CE83 /* RACSubject.m in Sources */ = {isa = PBXBuildFile; fileRef = 532346571DDC61760077CE83 /* RACSubject.m */; };
		532346D21DDC61760077CE83 /* RACSubscriber.m in Sources */ = {isa = PBXBuildFile; fileRef = 5323465A1DDC61760077CE83 /* RACSubscriber.m */; };
		532346D31DDC61760077CE83 /* RACSubscriptingAssignmentTrampoline.m in Sources */ = {isa = PBXBuildFile; fileRef = 5323465C1DDC61760077CE83 /* RACSubscriptingAssignmentTrampoline.m */; };
		532346D41DDC61760077CE83 /* RACSubscriptionScheduler.m in Sources */ = {isa = PBXBuildFile; fileRef = 5323465E1DDC61760077CE83 /* RACSubscriptionScheduler.m */; };
		532346D51DDC61760077CE83 /* RACTargetQueueScheduler.m in Sources */ = {isa = PBXBuildFile; fileRef = 532346601DDC61760077CE83 /* RACTargetQueueScheduler.m */; };
		532346D61DDC61760077CE83 /* RACTestScheduler.m in Sources */ = {isa = PBXBuildFile; fileRef = 532346621DDC61760077CE83 /* RACTestScheduler.m */; };
		532346D71DDC61760077CE83 /* RACTuple.m in Sources */ = {isa = PBXBuildFile; fileRef = 532346641DDC61760077CE83 /* RACTuple.m */; };
		532346D81DDC61760077CE83 /* RACTupleSequence.m in Sources */ = {isa = PBXBuildFile; fileRef = 532346661DDC61760077CE83 /* RACTupleSequence.m */; };
		532346D91DDC61760077CE83 /* RACUnarySequence.m in Sources */ = {isa = PBXBuildFile; fileRef = 532346681DDC61760077CE83 /* RACUnarySequence.m */; };
		532346DA1DDC61760077CE83 /* RACUnit.m in Sources */ = {isa = PBXBuildFile; fileRef = 5323466A1DDC61760077CE83 /* RACUnit.m */; };
		532346DB1DDC61760077CE83 /* RACValueTransformer.m in Sources */ = {isa = PBXBuildFile; fileRef = 5323466C1DDC61760077CE83 /* RACValueTransformer.m */; };
		532346DC1DDC61760077CE83 /* UIActionSheet+RACSignalSupport.m in Sources */ = {isa = PBXBuildFile; fileRef = 5323466F1DDC61760077CE83 /* UIActionSheet+RACSignalSupport.m */; };
		532346DD1DDC61760077CE83 /* UIAlertView+RACSignalSupport.m in Sources */ = {isa = PBXBuildFile; fileRef = 532346711DDC61760077CE83 /* UIAlertView+RACSignalSupport.m */; };
		532346DE1DDC61760077CE83 /* UIBarButtonItem+RACCommandSupport.m in Sources */ = {isa = PBXBuildFile; fileRef = 532346731DDC61760077CE83 /* UIBarButtonItem+RACCommandSupport.m */; };
		532346DF1DDC61760077CE83 /* UIButton+RACCommandSupport.m in Sources */ = {isa = PBXBuildFile; fileRef = 532346751DDC61760077CE83 /* UIButton+RACCommandSupport.m */; };
		532346E01DDC61760077CE83 /* UICollectionReusableView+RACSignalSupport.m in Sources */ = {isa = PBXBuildFile; fileRef = 532346771DDC61760077CE83 /* UICollectionReusableView+RACSignalSupport.m */; };
		532346E11DDC61760077CE83 /* UIControl+RACSignalSupport.m in Sources */ = {isa = PBXBuildFile; fileRef = 532346791DDC61760077CE83 /* UIControl+RACSignalSupport.m */; };
		532346E21DDC61760077CE83 /* UIControl+RACSignalSupportPrivate.m in Sources */ = {isa = PBXBuildFile; fileRef = 5323467B1DDC61760077CE83 /* UIControl+RACSignalSupportPrivate.m */; };
		532346E31DDC61760077CE83 /* UIDatePicker+RACSignalSupport.m in Sources */ = {isa = PBXBuildFile; fileRef = 5323467D1DDC61760077CE83 /* UIDatePicker+RACSignalSupport.m */; };
		532346E41DDC61760077CE83 /* UIGestureRecognizer+RACSignalSupport.m in Sources */ = {isa = PBXBuildFile; fileRef = 5323467F1DDC61760077CE83 /* UIGestureRecognizer+RACSignalSupport.m */; };
		532346E51DDC61760077CE83 /* UIImagePickerController+RACSignalSupport.m in Sources */ = {isa = PBXBuildFile; fileRef = 532346811DDC61760077CE83 /* UIImagePickerController+RACSignalSupport.m */; };
		532346E61DDC61760077CE83 /* UIRefreshControl+RACCommandSupport.m in Sources */ = {isa = PBXBuildFile; fileRef = 532346831DDC61760077CE83 /* UIRefreshControl+RACCommandSupport.m */; };
		532346E71DDC61760077CE83 /* UISegmentedControl+RACSignalSupport.m in Sources */ = {isa = PBXBuildFile; fileRef = 532346851DDC61760077CE83 /* UISegmentedControl+RACSignalSupport.m */; };
		532346E81DDC61760077CE83 /* UISlider+RACSignalSupport.m in Sources */ = {isa = PBXBuildFile; fileRef = 532346871DDC61760077CE83 /* UISlider+RACSignalSupport.m */; };
		532346E91DDC61760077CE83 /* UIStepper+RACSignalSupport.m in Sources */ = {isa = PBXBuildFile; fileRef = 532346891DDC61760077CE83 /* UIStepper+RACSignalSupport.m */; };
		532346EA1DDC61760077CE83 /* UISwitch+RACSignalSupport.m in Sources */ = {isa = PBXBuildFile; fileRef = 5323468B1DDC61760077CE83 /* UISwitch+RACSignalSupport.m */; };
		532346EB1DDC61760077CE83 /* UITableViewCell+RACSignalSupport.m in Sources */ = {isa = PBXBuildFile; fileRef = 5323468D1DDC61760077CE83 /* UITableViewCell+RACSignalSupport.m */; };
		532346EC1DDC61760077CE83 /* UITableViewHeaderFooterView+RACSignalSupport.m in Sources */ = {isa = PBXBuildFile; fileRef = 5323468F1DDC61760077CE83 /* UITableViewHeaderFooterView+RACSignalSupport.m */; };
		532346ED1DDC61760077CE83 /* UITextField+RACSignalSupport.m in Sources */ = {isa = PBXBuildFile; fileRef = 532346911DDC61760077CE83 /* UITextField+RACSignalSupport.m */; };
		532346EE1DDC61760077CE83 /* UITextView+RACSignalSupport.m in Sources */ = {isa = PBXBuildFile; fileRef = 532346931DDC61760077CE83 /* UITextView+RACSignalSupport.m */; };
/* End PBXBuildFile section */

/* Begin PBXFileReference section */
		532345B91DDC60BA0077CE83 /* RACDemo.app */ = {isa = PBXFileReference; explicitFileType = wrapper.application; includeInIndex = 0; path = RACDemo.app; sourceTree = BUILT_PRODUCTS_DIR; };
		532345BD1DDC60BA0077CE83 /* main.m */ = {isa = PBXFileReference; lastKnownFileType = sourcecode.c.objc; path = main.m; sourceTree = "<group>"; };
		532345BF1DDC60BA0077CE83 /* AppDelegate.h */ = {isa = PBXFileReference; lastKnownFileType = sourcecode.c.h; path = AppDelegate.h; sourceTree = "<group>"; };
		532345C01DDC60BA0077CE83 /* AppDelegate.m */ = {isa = PBXFileReference; lastKnownFileType = sourcecode.c.objc; path = AppDelegate.m; sourceTree = "<group>"; };
		532345C21DDC60BA0077CE83 /* ViewController.h */ = {isa = PBXFileReference; lastKnownFileType = sourcecode.c.h; path = ViewController.h; sourceTree = "<group>"; };
		532345C31DDC60BA0077CE83 /* ViewController.m */ = {isa = PBXFileReference; lastKnownFileType = sourcecode.c.objc; path = ViewController.m; sourceTree = "<group>"; };
		532345C61DDC60BA0077CE83 /* Base */ = {isa = PBXFileReference; lastKnownFileType = file.storyboard; name = Base; path = Base.lproj/Main.storyboard; sourceTree = "<group>"; };
		532345C81DDC60BA0077CE83 /* Assets.xcassets */ = {isa = PBXFileReference; lastKnownFileType = folder.assetcatalog; path = Assets.xcassets; sourceTree = "<group>"; };
		532345CB1DDC60BA0077CE83 /* Base */ = {isa = PBXFileReference; lastKnownFileType = file.storyboard; name = Base; path = Base.lproj/LaunchScreen.storyboard; sourceTree = "<group>"; };
		532345CD1DDC60BA0077CE83 /* Info.plist */ = {isa = PBXFileReference; lastKnownFileType = text.plist.xml; path = Info.plist; sourceTree = "<group>"; };
		532345D71DDC61760077CE83 /* EXTKeyPathCoding.h */ = {isa = PBXFileReference; fileEncoding = 4; lastKnownFileType = sourcecode.c.h; path = EXTKeyPathCoding.h; sourceTree = "<group>"; };
		532345D81DDC61760077CE83 /* EXTRuntimeExtensions.h */ = {isa = PBXFileReference; fileEncoding = 4; lastKnownFileType = sourcecode.c.h; path = EXTRuntimeExtensions.h; sourceTree = "<group>"; };
		532345D91DDC61760077CE83 /* EXTRuntimeExtensions.m */ = {isa = PBXFileReference; fileEncoding = 4; lastKnownFileType = sourcecode.c.objc; path = EXTRuntimeExtensions.m; sourceTree = "<group>"; };
		532345DA1DDC61760077CE83 /* EXTScope.h */ = {isa = PBXFileReference; fileEncoding = 4; lastKnownFileType = sourcecode.c.h; path = EXTScope.h; sourceTree = "<group>"; };
		532345DB1DDC61760077CE83 /* metamacros.h */ = {isa = PBXFileReference; fileEncoding = 4; lastKnownFileType = sourcecode.c.h; path = metamacros.h; sourceTree = "<group>"; };
		532345DC1DDC61760077CE83 /* Info.plist */ = {isa = PBXFileReference; fileEncoding = 4; lastKnownFileType = text.plist.xml; path = Info.plist; sourceTree = "<group>"; };
		532345DD1DDC61760077CE83 /* MKAnnotationView+RACSignalSupport.h */ = {isa = PBXFileReference; fileEncoding = 4; lastKnownFileType = sourcecode.c.h; path = "MKAnnotationView+RACSignalSupport.h"; sourceTree = "<group>"; };
		532345DE1DDC61760077CE83 /* MKAnnotationView+RACSignalSupport.m */ = {isa = PBXFileReference; fileEncoding = 4; lastKnownFileType = sourcecode.c.objc; path = "MKAnnotationView+RACSignalSupport.m"; sourceTree = "<group>"; };
		532345DF1DDC61760077CE83 /* NSArray+RACSequenceAdditions.h */ = {isa = PBXFileReference; fileEncoding = 4; lastKnownFileType = sourcecode.c.h; path = "NSArray+RACSequenceAdditions.h"; sourceTree = "<group>"; };
		532345E01DDC61760077CE83 /* NSArray+RACSequenceAdditions.m */ = {isa = PBXFileReference; fileEncoding = 4; lastKnownFileType = sourcecode.c.objc; path = "NSArray+RACSequenceAdditions.m"; sourceTree = "<group>"; };
		532345E11DDC61760077CE83 /* NSData+RACSupport.h */ = {isa = PBXFileReference; fileEncoding = 4; lastKnownFileType = sourcecode.c.h; path = "NSData+RACSupport.h"; sourceTree = "<group>"; };
		532345E21DDC61760077CE83 /* NSData+RACSupport.m */ = {isa = PBXFileReference; fileEncoding = 4; lastKnownFileType = sourcecode.c.objc; path = "NSData+RACSupport.m"; sourceTree = "<group>"; };
		532345E31DDC61760077CE83 /* NSDictionary+RACSequenceAdditions.h */ = {isa = PBXFileReference; fileEncoding = 4; lastKnownFileType = sourcecode.c.h; path = "NSDictionary+RACSequenceAdditions.h"; sourceTree = "<group>"; };
		532345E41DDC61760077CE83 /* NSDictionary+RACSequenceAdditions.m */ = {isa = PBXFileReference; fileEncoding = 4; lastKnownFileType = sourcecode.c.objc; path = "NSDictionary+RACSequenceAdditions.m"; sourceTree = "<group>"; };
		532345E51DDC61760077CE83 /* NSEnumerator+RACSequenceAdditions.h */ = {isa = PBXFileReference; fileEncoding = 4; lastKnownFileType = sourcecode.c.h; path = "NSEnumerator+RACSequenceAdditions.h"; sourceTree = "<group>"; };
		532345E61DDC61760077CE83 /* NSEnumerator+RACSequenceAdditions.m */ = {isa = PBXFileReference; fileEncoding = 4; lastKnownFileType = sourcecode.c.objc; path = "NSEnumerator+RACSequenceAdditions.m"; sourceTree = "<group>"; };
		532345E71DDC61760077CE83 /* NSFileHandle+RACSupport.h */ = {isa = PBXFileReference; fileEncoding = 4; lastKnownFileType = sourcecode.c.h; path = "NSFileHandle+RACSupport.h"; sourceTree = "<group>"; };
		532345E81DDC61760077CE83 /* NSFileHandle+RACSupport.m */ = {isa = PBXFileReference; fileEncoding = 4; lastKnownFileType = sourcecode.c.objc; path = "NSFileHandle+RACSupport.m"; sourceTree = "<group>"; };
		532345E91DDC61760077CE83 /* NSIndexSet+RACSequenceAdditions.h */ = {isa = PBXFileReference; fileEncoding = 4; lastKnownFileType = sourcecode.c.h; path = "NSIndexSet+RACSequenceAdditions.h"; sourceTree = "<group>"; };
		532345EA1DDC61760077CE83 /* NSIndexSet+RACSequenceAdditions.m */ = {isa = PBXFileReference; fileEncoding = 4; lastKnownFileType = sourcecode.c.objc; path = "NSIndexSet+RACSequenceAdditions.m"; sourceTree = "<group>"; };
		532345EB1DDC61760077CE83 /* NSInvocation+RACTypeParsing.h */ = {isa = PBXFileReference; fileEncoding = 4; lastKnownFileType = sourcecode.c.h; path = "NSInvocation+RACTypeParsing.h"; sourceTree = "<group>"; };
		532345EC1DDC61760077CE83 /* NSInvocation+RACTypeParsing.m */ = {isa = PBXFileReference; fileEncoding = 4; lastKnownFileType = sourcecode.c.objc; path = "NSInvocation+RACTypeParsing.m"; sourceTree = "<group>"; };
		532345ED1DDC61760077CE83 /* NSNotificationCenter+RACSupport.h */ = {isa = PBXFileReference; fileEncoding = 4; lastKnownFileType = sourcecode.c.h; path = "NSNotificationCenter+RACSupport.h"; sourceTree = "<group>"; };
		532345EE1DDC61760077CE83 /* NSNotificationCenter+RACSupport.m */ = {isa = PBXFileReference; fileEncoding = 4; lastKnownFileType = sourcecode.c.objc; path = "NSNotificationCenter+RACSupport.m"; sourceTree = "<group>"; };
		532345EF1DDC61760077CE83 /* NSObject+RACDeallocating.h */ = {isa = PBXFileReference; fileEncoding = 4; lastKnownFileType = sourcecode.c.h; path = "NSObject+RACDeallocating.h"; sourceTree = "<group>"; };
		532345F01DDC61760077CE83 /* NSObject+RACDeallocating.m */ = {isa = PBXFileReference; fileEncoding = 4; lastKnownFileType = sourcecode.c.objc; path = "NSObject+RACDeallocating.m"; sourceTree = "<group>"; };
		532345F11DDC61760077CE83 /* NSObject+RACDescription.h */ = {isa = PBXFileReference; fileEncoding = 4; lastKnownFileType = sourcecode.c.h; path = "NSObject+RACDescription.h"; sourceTree = "<group>"; };
		532345F21DDC61760077CE83 /* NSObject+RACDescription.m */ = {isa = PBXFileReference; fileEncoding = 4; lastKnownFileType = sourcecode.c.objc; path = "NSObject+RACDescription.m"; sourceTree = "<group>"; };
		532345F31DDC61760077CE83 /* NSObject+RACKVOWrapper.h */ = {isa = PBXFileReference; fileEncoding = 4; lastKnownFileType = sourcecode.c.h; path = "NSObject+RACKVOWrapper.h"; sourceTree = "<group>"; };
		532345F41DDC61760077CE83 /* NSObject+RACKVOWrapper.m */ = {isa = PBXFileReference; fileEncoding = 4; lastKnownFileType = sourcecode.c.objc; path = "NSObject+RACKVOWrapper.m"; sourceTree = "<group>"; };
		532345F51DDC61760077CE83 /* NSObject+RACLifting.h */ = {isa = PBXFileReference; fileEncoding = 4; lastKnownFileType = sourcecode.c.h; path = "NSObject+RACLifting.h"; sourceTree = "<group>"; };
		532345F61DDC61760077CE83 /* NSObject+RACLifting.m */ = {isa = PBXFileReference; fileEncoding = 4; lastKnownFileType = sourcecode.c.objc; path = "NSObject+RACLifting.m"; sourceTree = "<group>"; };
		532345F71DDC61760077CE83 /* NSObject+RACPropertySubscribing.h */ = {isa = PBXFileReference; fileEncoding = 4; lastKnownFileType = sourcecode.c.h; path = "NSObject+RACPropertySubscribing.h"; sourceTree = "<group>"; };
		532345F81DDC61760077CE83 /* NSObject+RACPropertySubscribing.m */ = {isa = PBXFileReference; fileEncoding = 4; lastKnownFileType = sourcecode.c.objc; path = "NSObject+RACPropertySubscribing.m"; sourceTree = "<group>"; };
		532345F91DDC61760077CE83 /* NSObject+RACSelectorSignal.h */ = {isa = PBXFileReference; fileEncoding = 4; lastKnownFileType = sourcecode.c.h; path = "NSObject+RACSelectorSignal.h"; sourceTree = "<group>"; };
		532345FA1DDC61760077CE83 /* NSObject+RACSelectorSignal.m */ = {isa = PBXFileReference; fileEncoding = 4; lastKnownFileType = sourcecode.c.objc; path = "NSObject+RACSelectorSignal.m"; sourceTree = "<group>"; };
		532345FB1DDC61760077CE83 /* NSOrderedSet+RACSequenceAdditions.h */ = {isa = PBXFileReference; fileEncoding = 4; lastKnownFileType = sourcecode.c.h; path = "NSOrderedSet+RACSequenceAdditions.h"; sourceTree = "<group>"; };
		532345FC1DDC61760077CE83 /* NSOrderedSet+RACSequenceAdditions.m */ = {isa = PBXFileReference; fileEncoding = 4; lastKnownFileType = sourcecode.c.objc; path = "NSOrderedSet+RACSequenceAdditions.m"; sourceTree = "<group>"; };
		532345FD1DDC61760077CE83 /* NSSet+RACSequenceAdditions.h */ = {isa = PBXFileReference; fileEncoding = 4; lastKnownFileType = sourcecode.c.h; path = "NSSet+RACSequenceAdditions.h"; sourceTree = "<group>"; };
		532345FE1DDC61760077CE83 /* NSSet+RACSequenceAdditions.m */ = {isa = PBXFileReference; fileEncoding = 4; lastKnownFileType = sourcecode.c.objc; path = "NSSet+RACSequenceAdditions.m"; sourceTree = "<group>"; };
		532345FF1DDC61760077CE83 /* NSString+RACKeyPathUtilities.h */ = {isa = PBXFileReference; fileEncoding = 4; lastKnownFileType = sourcecode.c.h; path = "NSString+RACKeyPathUtilities.h"; sourceTree = "<group>"; };
		532346001DDC61760077CE83 /* NSString+RACKeyPathUtilities.m */ = {isa = PBXFileReference; fileEncoding = 4; lastKnownFileType = sourcecode.c.objc; path = "NSString+RACKeyPathUtilities.m"; sourceTree = "<group>"; };
		532346011DDC61760077CE83 /* NSString+RACSequenceAdditions.h */ = {isa = PBXFileReference; fileEncoding = 4; lastKnownFileType = sourcecode.c.h; path = "NSString+RACSequenceAdditions.h"; sourceTree = "<group>"; };
		532346021DDC61760077CE83 /* NSString+RACSequenceAdditions.m */ = {isa = PBXFileReference; fileEncoding = 4; lastKnownFileType = sourcecode.c.objc; path = "NSString+RACSequenceAdditions.m"; sourceTree = "<group>"; };
		532346031DDC61760077CE83 /* NSString+RACSupport.h */ = {isa = PBXFileReference; fileEncoding = 4; lastKnownFileType = sourcecode.c.h; path = "NSString+RACSupport.h"; sourceTree = "<group>"; };
		532346041DDC61760077CE83 /* NSString+RACSupport.m */ = {isa = PBXFileReference; fileEncoding = 4; lastKnownFileType = sourcecode.c.objc; path = "NSString+RACSupport.m"; sourceTree = "<group>"; };
		532346051DDC61760077CE83 /* NSURLConnection+RACSupport.h */ = {isa = PBXFileReference; fileEncoding = 4; lastKnownFileType = sourcecode.c.h; path = "NSURLConnection+RACSupport.h"; sourceTree = "<group>"; };
		532346061DDC61760077CE83 /* NSURLConnection+RACSupport.m */ = {isa = PBXFileReference; fileEncoding = 4; lastKnownFileType = sourcecode.c.objc; path = "NSURLConnection+RACSupport.m"; sourceTree = "<group>"; };
		532346071DDC61760077CE83 /* NSUserDefaults+RACSupport.h */ = {isa = PBXFileReference; fileEncoding = 4; lastKnownFileType = sourcecode.c.h; path = "NSUserDefaults+RACSupport.h"; sourceTree = "<group>"; };
		532346081DDC61760077CE83 /* NSUserDefaults+RACSupport.m */ = {isa = PBXFileReference; fileEncoding = 4; lastKnownFileType = sourcecode.c.objc; path = "NSUserDefaults+RACSupport.m"; sourceTree = "<group>"; };
		532346091DDC61760077CE83 /* RACArraySequence.h */ = {isa = PBXFileReference; fileEncoding = 4; lastKnownFileType = sourcecode.c.h; path = RACArraySequence.h; sourceTree = "<group>"; };
		5323460A1DDC61760077CE83 /* RACArraySequence.m */ = {isa = PBXFileReference; fileEncoding = 4; lastKnownFileType = sourcecode.c.objc; path = RACArraySequence.m; sourceTree = "<group>"; };
		5323460B1DDC61760077CE83 /* RACBehaviorSubject.h */ = {isa = PBXFileReference; fileEncoding = 4; lastKnownFileType = sourcecode.c.h; path = RACBehaviorSubject.h; sourceTree = "<group>"; };
		5323460C1DDC61760077CE83 /* RACBehaviorSubject.m */ = {isa = PBXFileReference; fileEncoding = 4; lastKnownFileType = sourcecode.c.objc; path = RACBehaviorSubject.m; sourceTree = "<group>"; };
		5323460D1DDC61760077CE83 /* RACBlockTrampoline.h */ = {isa = PBXFileReference; fileEncoding = 4; lastKnownFileType = sourcecode.c.h; path = RACBlockTrampoline.h; sourceTree = "<group>"; };
		5323460E1DDC61760077CE83 /* RACBlockTrampoline.m */ = {isa = PBXFileReference; fileEncoding = 4; lastKnownFileType = sourcecode.c.objc; path = RACBlockTrampoline.m; sourceTree = "<group>"; };
		5323460F1DDC61760077CE83 /* RACChannel.h */ = {isa = PBXFileReference; fileEncoding = 4; lastKnownFileType = sourcecode.c.h; path = RACChannel.h; sourceTree = "<group>"; };
		532346101DDC61760077CE83 /* RACChannel.m */ = {isa = PBXFileReference; fileEncoding = 4; lastKnownFileType = sourcecode.c.objc; path = RACChannel.m; sourceTree = "<group>"; };
		532346111DDC61760077CE83 /* RACCommand.h */ = {isa = PBXFileReference; fileEncoding = 4; lastKnownFileType = sourcecode.c.h; path = RACCommand.h; sourceTree = "<group>"; };
		532346121DDC61760077CE83 /* RACCommand.m */ = {isa = PBXFileReference; fileEncoding = 4; lastKnownFileType = sourcecode.c.objc; path = RACCommand.m; sourceTree = "<group>"; };
		532346131DDC61760077CE83 /* RACCompoundDisposable.h */ = {isa = PBXFileReference; fileEncoding = 4; lastKnownFileType = sourcecode.c.h; path = RACCompoundDisposable.h; sourceTree = "<group>"; };
		532346141DDC61760077CE83 /* RACCompoundDisposable.m */ = {isa = PBXFileReference; fileEncoding = 4; lastKnownFileType = sourcecode.c.objc; path = RACCompoundDisposable.m; sourceTree = "<group>"; };
		532346151DDC61760077CE83 /* RACCompoundDisposableProvider.d */ = {isa = PBXFileReference; fileEncoding = 4; lastKnownFileType = sourcecode.dtrace; path = RACCompoundDisposableProvider.d; sourceTree = "<group>"; };
		532346161DDC61760077CE83 /* RACDelegateProxy.h */ = {isa = PBXFileReference; fileEncoding = 4; lastKnownFileType = sourcecode.c.h; path = RACDelegateProxy.h; sourceTree = "<group>"; };
		532346171DDC61760077CE83 /* RACDelegateProxy.m */ = {isa = PBXFileReference; fileEncoding = 4; lastKnownFileType = sourcecode.c.objc; path = RACDelegateProxy.m; sourceTree = "<group>"; };
		532346181DDC61760077CE83 /* RACDisposable.h */ = {isa = PBXFileReference; fileEncoding = 4; lastKnownFileType = sourcecode.c.h; path = RACDisposable.h; sourceTree = "<group>"; };
		532346191DDC61760077CE83 /* RACDisposable.m */ = {isa = PBXFileReference; fileEncoding = 4; lastKnownFileType = sourcecode.c.objc; path = RACDisposable.m; sourceTree = "<group>"; };
		5323461A1DDC61760077CE83 /* RACDynamicSequence.h */ = {isa = PBXFileReference; fileEncoding = 4; lastKnownFileType = sourcecode.c.h; path = RACDynamicSequence.h; sourceTree = "<group>"; };
		5323461B1DDC61760077CE83 /* RACDynamicSequence.m */ = {isa = PBXFileReference; fileEncoding = 4; lastKnownFileType = sourcecode.c.objc; path = RACDynamicSequence.m; sourceTree = "<group>"; };
		5323461C1DDC61760077CE83 /* RACDynamicSignal.h */ = {isa = PBXFileReference; fileEncoding = 4; lastKnownFileType = sourcecode.c.h; path = RACDynamicSignal.h; sourceTree = "<group>"; };
		5323461D1DDC61760077CE83 /* RACDynamicSignal.m */ = {isa = PBXFileReference; fileEncoding = 4; lastKnownFileType = sourcecode.c.objc; path = RACDynamicSignal.m; sourceTree = "<group>"; };
		5323461E1DDC61760077CE83 /* RACEagerSequence.h */ = {isa = PBXFileReference; fileEncoding = 4; lastKnownFileType = sourcecode.c.h; path = RACEagerSequence.h; sourceTree = "<group>"; };
		5323461F1DDC61760077CE83 /* RACEagerSequence.m */ = {isa = PBXFileReference; fileEncoding = 4; lastKnownFileType = sourcecode.c.objc; path = RACEagerSequence.m; sourceTree = "<group>"; };
		532346201DDC61760077CE83 /* RACEmptySequence.h */ = {isa = PBXFileReference; fileEncoding = 4; lastKnownFileType = sourcecode.c.h; path = RACEmptySequence.h; sourceTree = "<group>"; };
		532346211DDC61760077CE83 /* RACEmptySequence.m */ = {isa = PBXFileReference; fileEncoding = 4; lastKnownFileType = sourcecode.c.objc; path = RACEmptySequence.m; sourceTree = "<group>"; };
		532346221DDC61760077CE83 /* RACEmptySignal.h */ = {isa = PBXFileReference; fileEncoding = 4; lastKnownFileType = sourcecode.c.h; path = RACEmptySignal.h; sourceTree = "<group>"; };
		532346231DDC61760077CE83 /* RACEmptySignal.m */ = {isa = PBXFileReference; fileEncoding = 4; lastKnownFileType = sourcecode.c.objc; path = RACEmptySignal.m; sourceTree = "<group>"; };
		532346241DDC61760077CE83 /* RACErrorSignal.h */ = {isa = PBXFileReference; fileEncoding = 4; lastKnownFileType = sourcecode.c.h; path = RACErrorSignal.h; sourceTree = "<group>"; };
		532346251DDC61760077CE83 /* RACErrorSignal.m */ = {isa = PBXFileReference; fileEncoding = 4; lastKnownFileType = sourcecode.c.objc; path = RACErrorSignal.m; sourceTree = "<group>"; };
		532346261DDC61760077CE83 /* RACEvent.h */ = {isa = PBXFileReference; fileEncoding = 4; lastKnownFileType = sourcecode.c.h; path = RACEvent.h; sourceTree = "<group>"; };
		532346271DDC61760077CE83 /* RACEvent.m */ = {isa = PBXFileReference; fileEncoding = 4; lastKnownFileType = sourcecode.c.objc; path = RACEvent.m; sourceTree = "<group>"; };
		532346281DDC61760077CE83 /* RACGroupedSignal.h */ = {isa = PBXFileReference; fileEncoding = 4; lastKnownFileType = sourcecode.c.h; path = RACGroupedSignal.h; sourceTree = "<group>"; };
		532346291DDC61760077CE83 /* RACGroupedSignal.m */ = {isa = PBXFileReference; fileEncoding = 4; lastKnownFileType = sourcecode.c.objc; path = RACGroupedSignal.m; sourceTree = "<group>"; };
		5323462A1DDC61760077CE83 /* RACImmediateScheduler.h */ = {isa = PBXFileReference; fileEncoding = 4; lastKnownFileType = sourcecode.c.h; path = RACImmediateScheduler.h; sourceTree = "<group>"; };
		5323462B1DDC61760077CE83 /* RACImmediateScheduler.m */ = {isa = PBXFileReference; fileEncoding = 4; lastKnownFileType = sourcecode.c.objc; path = RACImmediateScheduler.m; sourceTree = "<group>"; };
		5323462C1DDC61760077CE83 /* RACIndexSetSequence.h */ = {isa = PBXFileReference; fileEncoding = 4; lastKnownFileType = sourcecode.c.h; path = RACIndexSetSequence.h; sourceTree = "<group>"; };
		5323462D1DDC61760077CE83 /* RACIndexSetSequence.m */ = {isa = PBXFileReference; fileEncoding = 4; lastKnownFileType = sourcecode.c.objc; path = RACIndexSetSequence.m; sourceTree = "<group>"; };
		5323462E1DDC61760077CE83 /* RACKVOChannel.h */ = {isa = PBXFileReference; fileEncoding = 4; lastKnownFileType = sourcecode.c.h; path = RACKVOChannel.h; sourceTree = "<group>"; };
		5323462F1DDC61760077CE83 /* RACKVOChannel.m */ = {isa = PBXFileReference; fileEncoding = 4; lastKnownFileType = sourcecode.c.objc; path = RACKVOChannel.m; sourceTree = "<group>"; };
		532346301DDC61760077CE83 /* RACKVOProxy.h */ = {isa = PBXFileReference; fileEncoding = 4; lastKnownFileType = sourcecode.c.h; path = RACKVOProxy.h; sourceTree = "<group>"; };
		532346311DDC61760077CE83 /* RACKVOProxy.m */ = {isa = PBXFileReference; fileEncoding = 4; lastKnownFileType = sourcecode.c.objc; path = RACKVOProxy.m; sourceTree = "<group>"; };
		532346321DDC61760077CE83 /* RACKVOTrampoline.h */ = {isa = PBXFileReference; fileEncoding = 4; lastKnownFileType = sourcecode.c.h; path = RACKVOTrampoline.h; sourceTree = "<group>"; };
		532346331DDC61760077CE83 /* RACKVOTrampoline.m */ = {isa = PBXFileReference; fileEncoding = 4; lastKnownFileType = sourcecode.c.objc; path = RACKVOTrampoline.m; sourceTree = "<group>"; };
		532346341DDC61760077CE83 /* RACMulticastConnection+Private.h */ = {isa = PBXFileReference; fileEncoding = 4; lastKnownFileType = sourcecode.c.h; path = "RACMulticastConnection+Private.h"; sourceTree = "<group>"; };
		532346351DDC61760077CE83 /* RACMulticastConnection.h */ = {isa = PBXFileReference; fileEncoding = 4; lastKnownFileType = sourcecode.c.h; path = RACMulticastConnection.h; sourceTree = "<group>"; };
		532346361DDC61760077CE83 /* RACMulticastConnection.m */ = {isa = PBXFileReference; fileEncoding = 4; lastKnownFileType = sourcecode.c.objc; path = RACMulticastConnection.m; sourceTree = "<group>"; };
		532346371DDC61760077CE83 /* RACPassthroughSubscriber.h */ = {isa = PBXFileReference; fileEncoding = 4; lastKnownFileType = sourcecode.c.h; path = RACPassthroughSubscriber.h; sourceTree = "<group>"; };
		532346381DDC61760077CE83 /* RACPassthroughSubscriber.m */ = {isa = PBXFileReference; fileEncoding = 4; lastKnownFileType = sourcecode.c.objc; path = RACPassthroughSubscriber.m; sourceTree = "<group>"; };
		532346391DDC61760077CE83 /* RACQueueScheduler+Subclass.h */ = {isa = PBXFileReference; fileEncoding = 4; lastKnownFileType = sourcecode.c.h; path = "RACQueueScheduler+Subclass.h"; sourceTree = "<group>"; };
		5323463A1DDC61760077CE83 /* RACQueueScheduler.h */ = {isa = PBXFileReference; fileEncoding = 4; lastKnownFileType = sourcecode.c.h; path = RACQueueScheduler.h; sourceTree = "<group>"; };
		5323463B1DDC61760077CE83 /* RACQueueScheduler.m */ = {isa = PBXFileReference; fileEncoding = 4; lastKnownFileType = sourcecode.c.objc; path = RACQueueScheduler.m; sourceTree = "<group>"; };
		5323463C1DDC61760077CE83 /* RACReplaySubject.h */ = {isa = PBXFileReference; fileEncoding = 4; lastKnownFileType = sourcecode.c.h; path = RACReplaySubject.h; sourceTree = "<group>"; };
		5323463D1DDC61760077CE83 /* RACReplaySubject.m */ = {isa = PBXFileReference; fileEncoding = 4; lastKnownFileType = sourcecode.c.objc; path = RACReplaySubject.m; sourceTree = "<group>"; };
		5323463E1DDC61760077CE83 /* RACReturnSignal.h */ = {isa = PBXFileReference; fileEncoding = 4; lastKnownFileType = sourcecode.c.h; path = RACReturnSignal.h; sourceTree = "<group>"; };
		5323463F1DDC61760077CE83 /* RACReturnSignal.m */ = {isa = PBXFileReference; fileEncoding = 4; lastKnownFileType = sourcecode.c.objc; path = RACReturnSignal.m; sourceTree = "<group>"; };
		532346401DDC61760077CE83 /* RACScheduler+Private.h */ = {isa = PBXFileReference; fileEncoding = 4; lastKnownFileType = sourcecode.c.h; path = "RACScheduler+Private.h"; sourceTree = "<group>"; };
		532346411DDC61760077CE83 /* RACScheduler+Subclass.h */ = {isa = PBXFileReference; fileEncoding = 4; lastKnownFileType = sourcecode.c.h; path = "RACScheduler+Subclass.h"; sourceTree = "<group>"; };
		532346421DDC61760077CE83 /* RACScheduler.h */ = {isa = PBXFileReference; fileEncoding = 4; lastKnownFileType = sourcecode.c.h; path = RACScheduler.h; sourceTree = "<group>"; };
		532346431DDC61760077CE83 /* RACScheduler.m */ = {isa = PBXFileReference; fileEncoding = 4; lastKnownFileType = sourcecode.c.objc; path = RACScheduler.m; sourceTree = "<group>"; };
		532346441DDC61760077CE83 /* RACScopedDisposable.h */ = {isa = PBXFileReference; fileEncoding = 4; lastKnownFileType = sourcecode.c.h; path = RACScopedDisposable.h; sourceTree = "<group>"; };
		532346451DDC61760077CE83 /* RACScopedDisposable.m */ = {isa = PBXFileReference; fileEncoding = 4; lastKnownFileType = sourcecode.c.objc; path = RACScopedDisposable.m; sourceTree = "<group>"; };
		532346461DDC61760077CE83 /* RACSequence.h */ = {isa = PBXFileReference; fileEncoding = 4; lastKnownFileType = sourcecode.c.h; path = RACSequence.h; sourceTree = "<group>"; };
		532346471DDC61760077CE83 /* RACSequence.m */ = {isa = PBXFileReference; fileEncoding = 4; lastKnownFileType = sourcecode.c.objc; path = RACSequence.m; sourceTree = "<group>"; };
		532346481DDC61760077CE83 /* RACSerialDisposable.h */ = {isa = PBXFileReference; fileEncoding = 4; lastKnownFileType = sourcecode.c.h; path = RACSerialDisposable.h; sourceTree = "<group>"; };
		532346491DDC61760077CE83 /* RACSerialDisposable.m */ = {isa = PBXFileReference; fileEncoding = 4; lastKnownFileType = sourcecode.c.objc; path = RACSerialDisposable.m; sourceTree = "<group>"; };
		5323464A1DDC61760077CE83 /* RACSignal+Operations.h */ = {isa = PBXFileReference; fileEncoding = 4; lastKnownFileType = sourcecode.c.h; path = "RACSignal+Operations.h"; sourceTree = "<group>"; };
		5323464B1DDC61760077CE83 /* RACSignal+Operations.m */ = {isa = PBXFileReference; fileEncoding = 4; lastKnownFileType = sourcecode.c.objc; path = "RACSignal+Operations.m"; sourceTree = "<group>"; };
		5323464C1DDC61760077CE83 /* RACSignal.h */ = {isa = PBXFileReference; fileEncoding = 4; lastKnownFileType = sourcecode.c.h; path = RACSignal.h; sourceTree = "<group>"; };
		5323464D1DDC61760077CE83 /* RACSignal.m */ = {isa = PBXFileReference; fileEncoding = 4; lastKnownFileType = sourcecode.c.objc; path = RACSignal.m; sourceTree = "<group>"; };
		5323464E1DDC61760077CE83 /* RACSignalProvider.d */ = {isa = PBXFileReference; fileEncoding = 4; lastKnownFileType = sourcecode.dtrace; path = RACSignalProvider.d; sourceTree = "<group>"; };
		5323464F1DDC61760077CE83 /* RACSignalSequence.h */ = {isa = PBXFileReference; fileEncoding = 4; lastKnownFileType = sourcecode.c.h; path = RACSignalSequence.h; sourceTree = "<group>"; };
		532346501DDC61760077CE83 /* RACSignalSequence.m */ = {isa = PBXFileReference; fileEncoding = 4; lastKnownFileType = sourcecode.c.objc; path = RACSignalSequence.m; sourceTree = "<group>"; };
		532346511DDC61760077CE83 /* RACStream+Private.h */ = {isa = PBXFileReference; fileEncoding = 4; lastKnownFileType = sourcecode.c.h; path = "RACStream+Private.h"; sourceTree = "<group>"; };
		532346521DDC61760077CE83 /* RACStream.h */ = {isa = PBXFileReference; fileEncoding = 4; lastKnownFileType = sourcecode.c.h; path = RACStream.h; sourceTree = "<group>"; };
		532346531DDC61760077CE83 /* RACStream.m */ = {isa = PBXFileReference; fileEncoding = 4; lastKnownFileType = sourcecode.c.objc; path = RACStream.m; sourceTree = "<group>"; };
		532346541DDC61760077CE83 /* RACStringSequence.h */ = {isa = PBXFileReference; fileEncoding = 4; lastKnownFileType = sourcecode.c.h; path = RACStringSequence.h; sourceTree = "<group>"; };
		532346551DDC61760077CE83 /* RACStringSequence.m */ = {isa = PBXFileReference; fileEncoding = 4; lastKnownFileType = sourcecode.c.objc; path = RACStringSequence.m; sourceTree = "<group>"; };
		532346561DDC61760077CE83 /* RACSubject.h */ = {isa = PBXFileReference; fileEncoding = 4; lastKnownFileType = sourcecode.c.h; path = RACSubject.h; sourceTree = "<group>"; };
		532346571DDC61760077CE83 /* RACSubject.m */ = {isa = PBXFileReference; fileEncoding = 4; lastKnownFileType = sourcecode.c.objc; path = RACSubject.m; sourceTree = "<group>"; };
		532346581DDC61760077CE83 /* RACSubscriber+Private.h */ = {isa = PBXFileReference; fileEncoding = 4; lastKnownFileType = sourcecode.c.h; path = "RACSubscriber+Private.h"; sourceTree = "<group>"; };
		532346591DDC61760077CE83 /* RACSubscriber.h */ = {isa = PBXFileReference; fileEncoding = 4; lastKnownFileType = sourcecode.c.h; path = RACSubscriber.h; sourceTree = "<group>"; };
		5323465A1DDC61760077CE83 /* RACSubscriber.m */ = {isa = PBXFileReference; fileEncoding = 4; lastKnownFileType = sourcecode.c.objc; path = RACSubscriber.m; sourceTree = "<group>"; };
		5323465B1DDC61760077CE83 /* RACSubscriptingAssignmentTrampoline.h */ = {isa = PBXFileReference; fileEncoding = 4; lastKnownFileType = sourcecode.c.h; path = RACSubscriptingAssignmentTrampoline.h; sourceTree = "<group>"; };
		5323465C1DDC61760077CE83 /* RACSubscriptingAssignmentTrampoline.m */ = {isa = PBXFileReference; fileEncoding = 4; lastKnownFileType = sourcecode.c.objc; path = RACSubscriptingAssignmentTrampoline.m; sourceTree = "<group>"; };
		5323465D1DDC61760077CE83 /* RACSubscriptionScheduler.h */ = {isa = PBXFileReference; fileEncoding = 4; lastKnownFileType = sourcecode.c.h; path = RACSubscriptionScheduler.h; sourceTree = "<group>"; };
		5323465E1DDC61760077CE83 /* RACSubscriptionScheduler.m */ = {isa = PBXFileReference; fileEncoding = 4; lastKnownFileType = sourcecode.c.objc; path = RACSubscriptionScheduler.m; sourceTree = "<group>"; };
		5323465F1DDC61760077CE83 /* RACTargetQueueScheduler.h */ = {isa = PBXFileReference; fileEncoding = 4; lastKnownFileType = sourcecode.c.h; path = RACTargetQueueScheduler.h; sourceTree = "<group>"; };
		532346601DDC61760077CE83 /* RACTargetQueueScheduler.m */ = {isa = PBXFileReference; fileEncoding = 4; lastKnownFileType = sourcecode.c.objc; path = RACTargetQueueScheduler.m; sourceTree = "<group>"; };
		532346611DDC61760077CE83 /* RACTestScheduler.h */ = {isa = PBXFileReference; fileEncoding = 4; lastKnownFileType = sourcecode.c.h; path = RACTestScheduler.h; sourceTree = "<group>"; };
		532346621DDC61760077CE83 /* RACTestScheduler.m */ = {isa = PBXFileReference; fileEncoding = 4; lastKnownFileType = sourcecode.c.objc; path = RACTestScheduler.m; sourceTree = "<group>"; };
		532346631DDC61760077CE83 /* RACTuple.h */ = {isa = PBXFileReference; fileEncoding = 4; lastKnownFileType = sourcecode.c.h; path = RACTuple.h; sourceTree = "<group>"; };
		532346641DDC61760077CE83 /* RACTuple.m */ = {isa = PBXFileReference; fileEncoding = 4; lastKnownFileType = sourcecode.c.objc; path = RACTuple.m; sourceTree = "<group>"; };
		532346651DDC61760077CE83 /* RACTupleSequence.h */ = {isa = PBXFileReference; fileEncoding = 4; lastKnownFileType = sourcecode.c.h; path = RACTupleSequence.h; sourceTree = "<group>"; };
		532346661DDC61760077CE83 /* RACTupleSequence.m */ = {isa = PBXFileReference; fileEncoding = 4; lastKnownFileType = sourcecode.c.objc; path = RACTupleSequence.m; sourceTree = "<group>"; };
		532346671DDC61760077CE83 /* RACUnarySequence.h */ = {isa = PBXFileReference; fileEncoding = 4; lastKnownFileType = sourcecode.c.h; path = RACUnarySequence.h; sourceTree = "<group>"; };
		532346681DDC61760077CE83 /* RACUnarySequence.m */ = {isa = PBXFileReference; fileEncoding = 4; lastKnownFileType = sourcecode.c.objc; path = RACUnarySequence.m; sourceTree = "<group>"; };
		532346691DDC61760077CE83 /* RACUnit.h */ = {isa = PBXFileReference; fileEncoding = 4; lastKnownFileType = sourcecode.c.h; path = RACUnit.h; sourceTree = "<group>"; };
		5323466A1DDC61760077CE83 /* RACUnit.m */ = {isa = PBXFileReference; fileEncoding = 4; lastKnownFileType = sourcecode.c.objc; path = RACUnit.m; sourceTree = "<group>"; };
		5323466B1DDC61760077CE83 /* RACValueTransformer.h */ = {isa = PBXFileReference; fileEncoding = 4; lastKnownFileType = sourcecode.c.h; path = RACValueTransformer.h; sourceTree = "<group>"; };
		5323466C1DDC61760077CE83 /* RACValueTransformer.m */ = {isa = PBXFileReference; fileEncoding = 4; lastKnownFileType = sourcecode.c.objc; path = RACValueTransformer.m; sourceTree = "<group>"; };
		5323466D1DDC61760077CE83 /* ReactiveObjC.h */ = {isa = PBXFileReference; fileEncoding = 4; lastKnownFileType = sourcecode.c.h; path = ReactiveObjC.h; sourceTree = "<group>"; };
		5323466E1DDC61760077CE83 /* UIActionSheet+RACSignalSupport.h */ = {isa = PBXFileReference; fileEncoding = 4; lastKnownFileType = sourcecode.c.h; path = "UIActionSheet+RACSignalSupport.h"; sourceTree = "<group>"; };
		5323466F1DDC61760077CE83 /* UIActionSheet+RACSignalSupport.m */ = {isa = PBXFileReference; fileEncoding = 4; lastKnownFileType = sourcecode.c.objc; path = "UIActionSheet+RACSignalSupport.m"; sourceTree = "<group>"; };
		532346701DDC61760077CE83 /* UIAlertView+RACSignalSupport.h */ = {isa = PBXFileReference; fileEncoding = 4; lastKnownFileType = sourcecode.c.h; path = "UIAlertView+RACSignalSupport.h"; sourceTree = "<group>"; };
		532346711DDC61760077CE83 /* UIAlertView+RACSignalSupport.m */ = {isa = PBXFileReference; fileEncoding = 4; lastKnownFileType = sourcecode.c.objc; path = "UIAlertView+RACSignalSupport.m"; sourceTree = "<group>"; };
		532346721DDC61760077CE83 /* UIBarButtonItem+RACCommandSupport.h */ = {isa = PBXFileReference; fileEncoding = 4; lastKnownFileType = sourcecode.c.h; path = "UIBarButtonItem+RACCommandSupport.h"; sourceTree = "<group>"; };
		532346731DDC61760077CE83 /* UIBarButtonItem+RACCommandSupport.m */ = {isa = PBXFileReference; fileEncoding = 4; lastKnownFileType = sourcecode.c.objc; path = "UIBarButtonItem+RACCommandSupport.m"; sourceTree = "<group>"; };
		532346741DDC61760077CE83 /* UIButton+RACCommandSupport.h */ = {isa = PBXFileReference; fileEncoding = 4; lastKnownFileType = sourcecode.c.h; path = "UIButton+RACCommandSupport.h"; sourceTree = "<group>"; };
		532346751DDC61760077CE83 /* UIButton+RACCommandSupport.m */ = {isa = PBXFileReference; fileEncoding = 4; lastKnownFileType = sourcecode.c.objc; path = "UIButton+RACCommandSupport.m"; sourceTree = "<group>"; };
		532346761DDC61760077CE83 /* UICollectionReusableView+RACSignalSupport.h */ = {isa = PBXFileReference; fileEncoding = 4; lastKnownFileType = sourcecode.c.h; path = "UICollectionReusableView+RACSignalSupport.h"; sourceTree = "<group>"; };
		532346771DDC61760077CE83 /* UICollectionReusableView+RACSignalSupport.m */ = {isa = PBXFileReference; fileEncoding = 4; lastKnownFileType = sourcecode.c.objc; path = "UICollectionReusableView+RACSignalSupport.m"; sourceTree = "<group>"; };
		532346781DDC61760077CE83 /* UIControl+RACSignalSupport.h */ = {isa = PBXFileReference; fileEncoding = 4; lastKnownFileType = sourcecode.c.h; path = "UIControl+RACSignalSupport.h"; sourceTree = "<group>"; };
		532346791DDC61760077CE83 /* UIControl+RACSignalSupport.m */ = {isa = PBXFileReference; fileEncoding = 4; lastKnownFileType = sourcecode.c.objc; path = "UIControl+RACSignalSupport.m"; sourceTree = "<group>"; };
		5323467A1DDC61760077CE83 /* UIControl+RACSignalSupportPrivate.h */ = {isa = PBXFileReference; fileEncoding = 4; lastKnownFileType = sourcecode.c.h; path = "UIControl+RACSignalSupportPrivate.h"; sourceTree = "<group>"; };
		5323467B1DDC61760077CE83 /* UIControl+RACSignalSupportPrivate.m */ = {isa = PBXFileReference; fileEncoding = 4; lastKnownFileType = sourcecode.c.objc; path = "UIControl+RACSignalSupportPrivate.m"; sourceTree = "<group>"; };
		5323467C1DDC61760077CE83 /* UIDatePicker+RACSignalSupport.h */ = {isa = PBXFileReference; fileEncoding = 4; lastKnownFileType = sourcecode.c.h; path = "UIDatePicker+RACSignalSupport.h"; sourceTree = "<group>"; };
		5323467D1DDC61760077CE83 /* UIDatePicker+RACSignalSupport.m */ = {isa = PBXFileReference; fileEncoding = 4; lastKnownFileType = sourcecode.c.objc; path = "UIDatePicker+RACSignalSupport.m"; sourceTree = "<group>"; };
		5323467E1DDC61760077CE83 /* UIGestureRecognizer+RACSignalSupport.h */ = {isa = PBXFileReference; fileEncoding = 4; lastKnownFileType = sourcecode.c.h; path = "UIGestureRecognizer+RACSignalSupport.h"; sourceTree = "<group>"; };
		5323467F1DDC61760077CE83 /* UIGestureRecognizer+RACSignalSupport.m */ = {isa = PBXFileReference; fileEncoding = 4; lastKnownFileType = sourcecode.c.objc; path = "UIGestureRecognizer+RACSignalSupport.m"; sourceTree = "<group>"; };
		532346801DDC61760077CE83 /* UIImagePickerController+RACSignalSupport.h */ = {isa = PBXFileReference; fileEncoding = 4; lastKnownFileType = sourcecode.c.h; path = "UIImagePickerController+RACSignalSupport.h"; sourceTree = "<group>"; };
		532346811DDC61760077CE83 /* UIImagePickerController+RACSignalSupport.m */ = {isa = PBXFileReference; fileEncoding = 4; lastKnownFileType = sourcecode.c.objc; path = "UIImagePickerController+RACSignalSupport.m"; sourceTree = "<group>"; };
		532346821DDC61760077CE83 /* UIRefreshControl+RACCommandSupport.h */ = {isa = PBXFileReference; fileEncoding = 4; lastKnownFileType = sourcecode.c.h; path = "UIRefreshControl+RACCommandSupport.h"; sourceTree = "<group>"; };
		532346831DDC61760077CE83 /* UIRefreshControl+RACCommandSupport.m */ = {isa = PBXFileReference; fileEncoding = 4; lastKnownFileType = sourcecode.c.objc; path = "UIRefreshControl+RACCommandSupport.m"; sourceTree = "<group>"; };
		532346841DDC61760077CE83 /* UISegmentedControl+RACSignalSupport.h */ = {isa = PBXFileReference; fileEncoding = 4; lastKnownFileType = sourcecode.c.h; path = "UISegmentedControl+RACSignalSupport.h"; sourceTree = "<group>"; };
		532346851DDC61760077CE83 /* UISegmentedControl+RACSignalSupport.m */ = {isa = PBXFileReference; fileEncoding = 4; lastKnownFileType = sourcecode.c.objc; path = "UISegmentedControl+RACSignalSupport.m"; sourceTree = "<group>"; };
		532346861DDC61760077CE83 /* UISlider+RACSignalSupport.h */ = {isa = PBXFileReference; fileEncoding = 4; lastKnownFileType = sourcecode.c.h; path = "UISlider+RACSignalSupport.h"; sourceTree = "<group>"; };
		532346871DDC61760077CE83 /* UISlider+RACSignalSupport.m */ = {isa = PBXFileReference; fileEncoding = 4; lastKnownFileType = sourcecode.c.objc; path = "UISlider+RACSignalSupport.m"; sourceTree = "<group>"; };
		532346881DDC61760077CE83 /* UIStepper+RACSignalSupport.h */ = {isa = PBXFileReference; fileEncoding = 4; lastKnownFileType = sourcecode.c.h; path = "UIStepper+RACSignalSupport.h"; sourceTree = "<group>"; };
		532346891DDC61760077CE83 /* UIStepper+RACSignalSupport.m */ = {isa = PBXFileReference; fileEncoding = 4; lastKnownFileType = sourcecode.c.objc; path = "UIStepper+RACSignalSupport.m"; sourceTree = "<group>"; };
		5323468A1DDC61760077CE83 /* UISwitch+RACSignalSupport.h */ = {isa = PBXFileReference; fileEncoding = 4; lastKnownFileType = sourcecode.c.h; path = "UISwitch+RACSignalSupport.h"; sourceTree = "<group>"; };
		5323468B1DDC61760077CE83 /* UISwitch+RACSignalSupport.m */ = {isa = PBXFileReference; fileEncoding = 4; lastKnownFileType = sourcecode.c.objc; path = "UISwitch+RACSignalSupport.m"; sourceTree = "<group>"; };
		5323468C1DDC61760077CE83 /* UITableViewCell+RACSignalSupport.h */ = {isa = PBXFileReference; fileEncoding = 4; lastKnownFileType = sourcecode.c.h; path = "UITableViewCell+RACSignalSupport.h"; sourceTree = "<group>"; };
		5323468D1DDC61760077CE83 /* UITableViewCell+RACSignalSupport.m */ = {isa = PBXFileReference; fileEncoding = 4; lastKnownFileType = sourcecode.c.objc; path = "UITableViewCell+RACSignalSupport.m"; sourceTree = "<group>"; };
		5323468E1DDC61760077CE83 /* UITableViewHeaderFooterView+RACSignalSupport.h */ = {isa = PBXFileReference; fileEncoding = 4; lastKnownFileType = sourcecode.c.h; path = "UITableViewHeaderFooterView+RACSignalSupport.h"; sourceTree = "<group>"; };
		5323468F1DDC61760077CE83 /* UITableViewHeaderFooterView+RACSignalSupport.m */ = {isa = PBXFileReference; fileEncoding = 4; lastKnownFileType = sourcecode.c.objc; path = "UITableViewHeaderFooterView+RACSignalSupport.m"; sourceTree = "<group>"; };
		532346901DDC61760077CE83 /* UITextField+RACSignalSupport.h */ = {isa = PBXFileReference; fileEncoding = 4; lastKnownFileType = sourcecode.c.h; path = "UITextField+RACSignalSupport.h"; sourceTree = "<group>"; };
		532346911DDC61760077CE83 /* UITextField+RACSignalSupport.m */ = {isa = PBXFileReference; fileEncoding = 4; lastKnownFileType = sourcecode.c.objc; path = "UITextField+RACSignalSupport.m"; sourceTree = "<group>"; };
		532346921DDC61760077CE83 /* UITextView+RACSignalSupport.h */ = {isa = PBXFileReference; fileEncoding = 4; lastKnownFileType = sourcecode.c.h; path = "UITextView+RACSignalSupport.h"; sourceTree = "<group>"; };
		532346931DDC61760077CE83 /* UITextView+RACSignalSupport.m */ = {isa = PBXFileReference; fileEncoding = 4; lastKnownFileType = sourcecode.c.objc; path = "UITextView+RACSignalSupport.m"; sourceTree = "<group>"; };
/* End PBXFileReference section */

/* Begin PBXFrameworksBuildPhase section */
		532345B61DDC60BA0077CE83 /* Frameworks */ = {
			isa = PBXFrameworksBuildPhase;
			buildActionMask = 2147483647;
			files = (
			);
			runOnlyForDeploymentPostprocessing = 0;
		};
/* End PBXFrameworksBuildPhase section */

/* Begin PBXGroup section */
		532345B01DDC60BA0077CE83 = {
			isa = PBXGroup;
			children = (
				532345D41DDC61760077CE83 /* Frameworks */,
				532345BB1DDC60BA0077CE83 /* RACDemo */,
				532345BA1DDC60BA0077CE83 /* Products */,
			);
			sourceTree = "<group>";
		};
		532345BA1DDC60BA0077CE83 /* Products */ = {
			isa = PBXGroup;
			children = (
				532345B91DDC60BA0077CE83 /* RACDemo.app */,
			);
			name = Products;
			sourceTree = "<group>";
		};
		532345BB1DDC60BA0077CE83 /* RACDemo */ = {
			isa = PBXGroup;
			children = (
				532345BF1DDC60BA0077CE83 /* AppDelegate.h */,
				532345C01DDC60BA0077CE83 /* AppDelegate.m */,
				532345C21DDC60BA0077CE83 /* ViewController.h */,
				532345C31DDC60BA0077CE83 /* ViewController.m */,
				532345C51DDC60BA0077CE83 /* Main.storyboard */,
				532345C81DDC60BA0077CE83 /* Assets.xcassets */,
				532345CA1DDC60BA0077CE83 /* LaunchScreen.storyboard */,
				532345CD1DDC60BA0077CE83 /* Info.plist */,
				532345BC1DDC60BA0077CE83 /* Supporting Files */,
			);
			path = RACDemo;
			sourceTree = "<group>";
		};
		532345BC1DDC60BA0077CE83 /* Supporting Files */ = {
			isa = PBXGroup;
			children = (
				532345BD1DDC60BA0077CE83 /* main.m */,
			);
			name = "Supporting Files";
			sourceTree = "<group>";
		};
		532345D41DDC61760077CE83 /* Frameworks */ = {
			isa = PBXGroup;
			children = (
				532345D51DDC61760077CE83 /* ReactiveObjC */,
			);
			path = Frameworks;
			sourceTree = "<group>";
		};
		532345D51DDC61760077CE83 /* ReactiveObjC */ = {
			isa = PBXGroup;
			children = (
				532345D61DDC61760077CE83 /* extobjc */,
				532345DC1DDC61760077CE83 /* Info.plist */,
				532345DD1DDC61760077CE83 /* MKAnnotationView+RACSignalSupport.h */,
				532345DE1DDC61760077CE83 /* MKAnnotationView+RACSignalSupport.m */,
				532345DF1DDC61760077CE83 /* NSArray+RACSequenceAdditions.h */,
				532345E01DDC61760077CE83 /* NSArray+RACSequenceAdditions.m */,
				532345E11DDC61760077CE83 /* NSData+RACSupport.h */,
				532345E21DDC61760077CE83 /* NSData+RACSupport.m */,
				532345E31DDC61760077CE83 /* NSDictionary+RACSequenceAdditions.h */,
				532345E41DDC61760077CE83 /* NSDictionary+RACSequenceAdditions.m */,
				532345E51DDC61760077CE83 /* NSEnumerator+RACSequenceAdditions.h */,
				532345E61DDC61760077CE83 /* NSEnumerator+RACSequenceAdditions.m */,
				532345E71DDC61760077CE83 /* NSFileHandle+RACSupport.h */,
				532345E81DDC61760077CE83 /* NSFileHandle+RACSupport.m */,
				532345E91DDC61760077CE83 /* NSIndexSet+RACSequenceAdditions.h */,
				532345EA1DDC61760077CE83 /* NSIndexSet+RACSequenceAdditions.m */,
				532345EB1DDC61760077CE83 /* NSInvocation+RACTypeParsing.h */,
				532345EC1DDC61760077CE83 /* NSInvocation+RACTypeParsing.m */,
				532345ED1DDC61760077CE83 /* NSNotificationCenter+RACSupport.h */,
				532345EE1DDC61760077CE83 /* NSNotificationCenter+RACSupport.m */,
				532345EF1DDC61760077CE83 /* NSObject+RACDeallocating.h */,
				532345F01DDC61760077CE83 /* NSObject+RACDeallocating.m */,
				532345F11DDC61760077CE83 /* NSObject+RACDescription.h */,
				532345F21DDC61760077CE83 /* NSObject+RACDescription.m */,
				532345F31DDC61760077CE83 /* NSObject+RACKVOWrapper.h */,
				532345F41DDC61760077CE83 /* NSObject+RACKVOWrapper.m */,
				532345F51DDC61760077CE83 /* NSObject+RACLifting.h */,
				532345F61DDC61760077CE83 /* NSObject+RACLifting.m */,
				532345F71DDC61760077CE83 /* NSObject+RACPropertySubscribing.h */,
				532345F81DDC61760077CE83 /* NSObject+RACPropertySubscribing.m */,
				532345F91DDC61760077CE83 /* NSObject+RACSelectorSignal.h */,
				532345FA1DDC61760077CE83 /* NSObject+RACSelectorSignal.m */,
				532345FB1DDC61760077CE83 /* NSOrderedSet+RACSequenceAdditions.h */,
				532345FC1DDC61760077CE83 /* NSOrderedSet+RACSequenceAdditions.m */,
				532345FD1DDC61760077CE83 /* NSSet+RACSequenceAdditions.h */,
				532345FE1DDC61760077CE83 /* NSSet+RACSequenceAdditions.m */,
				532345FF1DDC61760077CE83 /* NSString+RACKeyPathUtilities.h */,
				532346001DDC61760077CE83 /* NSString+RACKeyPathUtilities.m */,
				532346011DDC61760077CE83 /* NSString+RACSequenceAdditions.h */,
				532346021DDC61760077CE83 /* NSString+RACSequenceAdditions.m */,
				532346031DDC61760077CE83 /* NSString+RACSupport.h */,
				532346041DDC61760077CE83 /* NSString+RACSupport.m */,
				532346051DDC61760077CE83 /* NSURLConnection+RACSupport.h */,
				532346061DDC61760077CE83 /* NSURLConnection+RACSupport.m */,
				532346071DDC61760077CE83 /* NSUserDefaults+RACSupport.h */,
				532346081DDC61760077CE83 /* NSUserDefaults+RACSupport.m */,
				532346091DDC61760077CE83 /* RACArraySequence.h */,
				5323460A1DDC61760077CE83 /* RACArraySequence.m */,
				5323460B1DDC61760077CE83 /* RACBehaviorSubject.h */,
				5323460C1DDC61760077CE83 /* RACBehaviorSubject.m */,
				5323460D1DDC61760077CE83 /* RACBlockTrampoline.h */,
				5323460E1DDC61760077CE83 /* RACBlockTrampoline.m */,
				5323460F1DDC61760077CE83 /* RACChannel.h */,
				532346101DDC61760077CE83 /* RACChannel.m */,
				532346111DDC61760077CE83 /* RACCommand.h */,
				532346121DDC61760077CE83 /* RACCommand.m */,
				532346131DDC61760077CE83 /* RACCompoundDisposable.h */,
				532346141DDC61760077CE83 /* RACCompoundDisposable.m */,
				532346151DDC61760077CE83 /* RACCompoundDisposableProvider.d */,
				532346161DDC61760077CE83 /* RACDelegateProxy.h */,
				532346171DDC61760077CE83 /* RACDelegateProxy.m */,
				532346181DDC61760077CE83 /* RACDisposable.h */,
				532346191DDC61760077CE83 /* RACDisposable.m */,
				5323461A1DDC61760077CE83 /* RACDynamicSequence.h */,
				5323461B1DDC61760077CE83 /* RACDynamicSequence.m */,
				5323461C1DDC61760077CE83 /* RACDynamicSignal.h */,
				5323461D1DDC61760077CE83 /* RACDynamicSignal.m */,
				5323461E1DDC61760077CE83 /* RACEagerSequence.h */,
				5323461F1DDC61760077CE83 /* RACEagerSequence.m */,
				532346201DDC61760077CE83 /* RACEmptySequence.h */,
				532346211DDC61760077CE83 /* RACEmptySequence.m */,
				532346221DDC61760077CE83 /* RACEmptySignal.h */,
				532346231DDC61760077CE83 /* RACEmptySignal.m */,
				532346241DDC61760077CE83 /* RACErrorSignal.h */,
				532346251DDC61760077CE83 /* RACErrorSignal.m */,
				532346261DDC61760077CE83 /* RACEvent.h */,
				532346271DDC61760077CE83 /* RACEvent.m */,
				532346281DDC61760077CE83 /* RACGroupedSignal.h */,
				532346291DDC61760077CE83 /* RACGroupedSignal.m */,
				5323462A1DDC61760077CE83 /* RACImmediateScheduler.h */,
				5323462B1DDC61760077CE83 /* RACImmediateScheduler.m */,
				5323462C1DDC61760077CE83 /* RACIndexSetSequence.h */,
				5323462D1DDC61760077CE83 /* RACIndexSetSequence.m */,
				5323462E1DDC61760077CE83 /* RACKVOChannel.h */,
				5323462F1DDC61760077CE83 /* RACKVOChannel.m */,
				532346301DDC61760077CE83 /* RACKVOProxy.h */,
				532346311DDC61760077CE83 /* RACKVOProxy.m */,
				532346321DDC61760077CE83 /* RACKVOTrampoline.h */,
				532346331DDC61760077CE83 /* RACKVOTrampoline.m */,
				532346341DDC61760077CE83 /* RACMulticastConnection+Private.h */,
				532346351DDC61760077CE83 /* RACMulticastConnection.h */,
				532346361DDC61760077CE83 /* RACMulticastConnection.m */,
				532346371DDC61760077CE83 /* RACPassthroughSubscriber.h */,
				532346381DDC61760077CE83 /* RACPassthroughSubscriber.m */,
				532346391DDC61760077CE83 /* RACQueueScheduler+Subclass.h */,
				5323463A1DDC61760077CE83 /* RACQueueScheduler.h */,
				5323463B1DDC61760077CE83 /* RACQueueScheduler.m */,
				5323463C1DDC61760077CE83 /* RACReplaySubject.h */,
				5323463D1DDC61760077CE83 /* RACReplaySubject.m */,
				5323463E1DDC61760077CE83 /* RACReturnSignal.h */,
				5323463F1DDC61760077CE83 /* RACReturnSignal.m */,
				532346401DDC61760077CE83 /* RACScheduler+Private.h */,
				532346411DDC61760077CE83 /* RACScheduler+Subclass.h */,
				532346421DDC61760077CE83 /* RACScheduler.h */,
				532346431DDC61760077CE83 /* RACScheduler.m */,
				532346441DDC61760077CE83 /* RACScopedDisposable.h */,
				532346451DDC61760077CE83 /* RACScopedDisposable.m */,
				532346461DDC61760077CE83 /* RACSequence.h */,
				532346471DDC61760077CE83 /* RACSequence.m */,
				532346481DDC61760077CE83 /* RACSerialDisposable.h */,
				532346491DDC61760077CE83 /* RACSerialDisposable.m */,
				5323464A1DDC61760077CE83 /* RACSignal+Operations.h */,
				5323464B1DDC61760077CE83 /* RACSignal+Operations.m */,
				5323464C1DDC61760077CE83 /* RACSignal.h */,
				5323464D1DDC61760077CE83 /* RACSignal.m */,
				5323464E1DDC61760077CE83 /* RACSignalProvider.d */,
				5323464F1DDC61760077CE83 /* RACSignalSequence.h */,
				532346501DDC61760077CE83 /* RACSignalSequence.m */,
				532346511DDC61760077CE83 /* RACStream+Private.h */,
				532346521DDC61760077CE83 /* RACStream.h */,
				532346531DDC61760077CE83 /* RACStream.m */,
				532346541DDC61760077CE83 /* RACStringSequence.h */,
				532346551DDC61760077CE83 /* RACStringSequence.m */,
				532346561DDC61760077CE83 /* RACSubject.h */,
				532346571DDC61760077CE83 /* RACSubject.m */,
				532346581DDC61760077CE83 /* RACSubscriber+Private.h */,
				532346591DDC61760077CE83 /* RACSubscriber.h */,
				5323465A1DDC61760077CE83 /* RACSubscriber.m */,
				5323465B1DDC61760077CE83 /* RACSubscriptingAssignmentTrampoline.h */,
				5323465C1DDC61760077CE83 /* RACSubscriptingAssignmentTrampoline.m */,
				5323465D1DDC61760077CE83 /* RACSubscriptionScheduler.h */,
				5323465E1DDC61760077CE83 /* RACSubscriptionScheduler.m */,
				5323465F1DDC61760077CE83 /* RACTargetQueueScheduler.h */,
				532346601DDC61760077CE83 /* RACTargetQueueScheduler.m */,
				532346611DDC61760077CE83 /* RACTestScheduler.h */,
				532346621DDC61760077CE83 /* RACTestScheduler.m */,
				532346631DDC61760077CE83 /* RACTuple.h */,
				532346641DDC61760077CE83 /* RACTuple.m */,
				532346651DDC61760077CE83 /* RACTupleSequence.h */,
				532346661DDC61760077CE83 /* RACTupleSequence.m */,
				532346671DDC61760077CE83 /* RACUnarySequence.h */,
				532346681DDC61760077CE83 /* RACUnarySequence.m */,
				532346691DDC61760077CE83 /* RACUnit.h */,
				5323466A1DDC61760077CE83 /* RACUnit.m */,
				5323466B1DDC61760077CE83 /* RACValueTransformer.h */,
				5323466C1DDC61760077CE83 /* RACValueTransformer.m */,
				5323466D1DDC61760077CE83 /* ReactiveObjC.h */,
				5323466E1DDC61760077CE83 /* UIActionSheet+RACSignalSupport.h */,
				5323466F1DDC61760077CE83 /* UIActionSheet+RACSignalSupport.m */,
				532346701DDC61760077CE83 /* UIAlertView+RACSignalSupport.h */,
				532346711DDC61760077CE83 /* UIAlertView+RACSignalSupport.m */,
				532346721DDC61760077CE83 /* UIBarButtonItem+RACCommandSupport.h */,
				532346731DDC61760077CE83 /* UIBarButtonItem+RACCommandSupport.m */,
				532346741DDC61760077CE83 /* UIButton+RACCommandSupport.h */,
				532346751DDC61760077CE83 /* UIButton+RACCommandSupport.m */,
				532346761DDC61760077CE83 /* UICollectionReusableView+RACSignalSupport.h */,
				532346771DDC61760077CE83 /* UICollectionReusableView+RACSignalSupport.m */,
				532346781DDC61760077CE83 /* UIControl+RACSignalSupport.h */,
				532346791DDC61760077CE83 /* UIControl+RACSignalSupport.m */,
				5323467A1DDC61760077CE83 /* UIControl+RACSignalSupportPrivate.h */,
				5323467B1DDC61760077CE83 /* UIControl+RACSignalSupportPrivate.m */,
				5323467C1DDC61760077CE83 /* UIDatePicker+RACSignalSupport.h */,
				5323467D1DDC61760077CE83 /* UIDatePicker+RACSignalSupport.m */,
				5323467E1DDC61760077CE83 /* UIGestureRecognizer+RACSignalSupport.h */,
				5323467F1DDC61760077CE83 /* UIGestureRecognizer+RACSignalSupport.m */,
				532346801DDC61760077CE83 /* UIImagePickerController+RACSignalSupport.h */,
				532346811DDC61760077CE83 /* UIImagePickerController+RACSignalSupport.m */,
				532346821DDC61760077CE83 /* UIRefreshControl+RACCommandSupport.h */,
				532346831DDC61760077CE83 /* UIRefreshControl+RACCommandSupport.m */,
				532346841DDC61760077CE83 /* UISegmentedControl+RACSignalSupport.h */,
				532346851DDC61760077CE83 /* UISegmentedControl+RACSignalSupport.m */,
				532346861DDC61760077CE83 /* UISlider+RACSignalSupport.h */,
				532346871DDC61760077CE83 /* UISlider+RACSignalSupport.m */,
				532346881DDC61760077CE83 /* UIStepper+RACSignalSupport.h */,
				532346891DDC61760077CE83 /* UIStepper+RACSignalSupport.m */,
				5323468A1DDC61760077CE83 /* UISwitch+RACSignalSupport.h */,
				5323468B1DDC61760077CE83 /* UISwitch+RACSignalSupport.m */,
				5323468C1DDC61760077CE83 /* UITableViewCell+RACSignalSupport.h */,
				5323468D1DDC61760077CE83 /* UITableViewCell+RACSignalSupport.m */,
				5323468E1DDC61760077CE83 /* UITableViewHeaderFooterView+RACSignalSupport.h */,
				5323468F1DDC61760077CE83 /* UITableViewHeaderFooterView+RACSignalSupport.m */,
				532346901DDC61760077CE83 /* UITextField+RACSignalSupport.h */,
				532346911DDC61760077CE83 /* UITextField+RACSignalSupport.m */,
				532346921DDC61760077CE83 /* UITextView+RACSignalSupport.h */,
				532346931DDC61760077CE83 /* UITextView+RACSignalSupport.m */,
			);
			path = ReactiveObjC;
			sourceTree = "<group>";
		};
		532345D61DDC61760077CE83 /* extobjc */ = {
			isa = PBXGroup;
			children = (
				532345D71DDC61760077CE83 /* EXTKeyPathCoding.h */,
				532345D81DDC61760077CE83 /* EXTRuntimeExtensions.h */,
				532345D91DDC61760077CE83 /* EXTRuntimeExtensions.m */,
				532345DA1DDC61760077CE83 /* EXTScope.h */,
				532345DB1DDC61760077CE83 /* metamacros.h */,
			);
			path = extobjc;
			sourceTree = "<group>";
		};
/* End PBXGroup section */

/* Begin PBXNativeTarget section */
		532345B81DDC60BA0077CE83 /* RACDemo */ = {
			isa = PBXNativeTarget;
			buildConfigurationList = 532345D01DDC60BA0077CE83 /* Build configuration list for PBXNativeTarget "RACDemo" */;
			buildPhases = (
				532345B51DDC60BA0077CE83 /* Sources */,
				532345B61DDC60BA0077CE83 /* Frameworks */,
				532345B71DDC60BA0077CE83 /* Resources */,
			);
			buildRules = (
			);
			dependencies = (
			);
			name = RACDemo;
			productName = RACDemo;
			productReference = 532345B91DDC60BA0077CE83 /* RACDemo.app */;
			productType = "com.apple.product-type.application";
		};
/* End PBXNativeTarget section */

/* Begin PBXProject section */
		532345B11DDC60BA0077CE83 /* Project object */ = {
			isa = PBXProject;
			attributes = {
				LastUpgradeCheck = 0810;
				ORGANIZATIONNAME = tencent;
				TargetAttributes = {
					532345B81DDC60BA0077CE83 = {
						CreatedOnToolsVersion = 8.1;
						ProvisioningStyle = Automatic;
					};
				};
			};
			buildConfigurationList = 532345B41DDC60BA0077CE83 /* Build configuration list for PBXProject "RACDemo" */;
			compatibilityVersion = "Xcode 3.2";
			developmentRegion = English;
			hasScannedForEncodings = 0;
			knownRegions = (
				en,
				Base,
			);
			mainGroup = 532345B01DDC60BA0077CE83;
			productRefGroup = 532345BA1DDC60BA0077CE83 /* Products */;
			projectDirPath = "";
			projectRoot = "";
			targets = (
				532345B81DDC60BA0077CE83 /* RACDemo */,
			);
		};
/* End PBXProject section */

/* Begin PBXResourcesBuildPhase section */
		532345B71DDC60BA0077CE83 /* Resources */ = {
			isa = PBXResourcesBuildPhase;
			buildActionMask = 2147483647;
			files = (
				532346951DDC61760077CE83 /* Info.plist in Resources */,
				532345CC1DDC60BA0077CE83 /* LaunchScreen.storyboard in Resources */,
				532345C91DDC60BA0077CE83 /* Assets.xcassets in Resources */,
				532345C71DDC60BA0077CE83 /* Main.storyboard in Resources */,
			);
			runOnlyForDeploymentPostprocessing = 0;
		};
/* End PBXResourcesBuildPhase section */

/* Begin PBXSourcesBuildPhase section */
		532345B51DDC60BA0077CE83 /* Sources */ = {
			isa = PBXSourcesBuildPhase;
			buildActionMask = 2147483647;
			files = (
				532346AC1DDC61760077CE83 /* RACArraySequence.m in Sources */,
				532346BF1DDC61760077CE83 /* RACKVOChannel.m in Sources */,
				532346EE1DDC61760077CE83 /* UITextView+RACSignalSupport.m in Sources */,
				532346E11DDC61760077CE83 /* UIControl+RACSignalSupport.m in Sources */,
				532346C81DDC61760077CE83 /* RACScopedDisposable.m in Sources */,
				5323469A1DDC61760077CE83 /* NSEnumerator+RACSequenceAdditions.m in Sources */,
				532346E71DDC61760077CE83 /* UISegmentedControl+RACSignalSupport.m in Sources */,
				532346A81DDC61760077CE83 /* NSString+RACSequenceAdditions.m in Sources */,
				532346C71DDC61760077CE83 /* RACScheduler.m in Sources */,
				532346E01DDC61760077CE83 /* UICollectionReusableView+RACSignalSupport.m in Sources */,
				532346BE1DDC61760077CE83 /* RACIndexSetSequence.m in Sources */,
				532346A31DDC61760077CE83 /* NSObject+RACPropertySubscribing.m in Sources */,
				532346DC1DDC61760077CE83 /* UIActionSheet+RACSignalSupport.m in Sources */,
				532345C41DDC60BA0077CE83 /* ViewController.m in Sources */,
				532346AD1DDC61760077CE83 /* RACBehaviorSubject.m in Sources */,
				532346CF1DDC61760077CE83 /* RACStream.m in Sources */,
				532346C51DDC61760077CE83 /* RACReplaySubject.m in Sources */,
				532346E41DDC61760077CE83 /* UIGestureRecognizer+RACSignalSupport.m in Sources */,
				532346D61DDC61760077CE83 /* RACTestScheduler.m in Sources */,
				532346CA1DDC61760077CE83 /* RACSerialDisposable.m in Sources */,
				532346D11DDC61760077CE83 /* RACSubject.m in Sources */,
				532346E91DDC61760077CE83 /* UIStepper+RACSignalSupport.m in Sources */,
				532346A21DDC61760077CE83 /* NSObject+RACLifting.m in Sources */,
				532346E51DDC61760077CE83 /* UIImagePickerController+RACSignalSupport.m in Sources */,
				532346AA1DDC61760077CE83 /* NSURLConnection+RACSupport.m in Sources */,
				5323469D1DDC61760077CE83 /* NSInvocation+RACTypeParsing.m in Sources */,
				532346B21DDC61760077CE83 /* RACCompoundDisposableProvider.d in Sources */,
				532346A91DDC61760077CE83 /* NSString+RACSupport.m in Sources */,
				532346A01DDC61760077CE83 /* NSObject+RACDescription.m in Sources */,
				532346DD1DDC61760077CE83 /* UIAlertView+RACSignalSupport.m in Sources */,
				532346D01DDC61760077CE83 /* RACStringSequence.m in Sources */,
				532346C11DDC61760077CE83 /* RACKVOTrampoline.m in Sources */,
				532346D81DDC61760077CE83 /* RACTupleSequence.m in Sources */,
				532346961DDC61760077CE83 /* MKAnnotationView+RACSignalSupport.m in Sources */,
				532346E21DDC61760077CE83 /* UIControl+RACSignalSupportPrivate.m in Sources */,
				532346E61DDC61760077CE83 /* UIRefreshControl+RACCommandSupport.m in Sources */,
				532346AB1DDC61760077CE83 /* NSUserDefaults+RACSupport.m in Sources */,
				532345C11DDC60BA0077CE83 /* AppDelegate.m in Sources */,
				5323469C1DDC61760077CE83 /* NSIndexSet+RACSequenceAdditions.m in Sources */,
				532346C21DDC61760077CE83 /* RACMulticastConnection.m in Sources */,
				532346941DDC61760077CE83 /* EXTRuntimeExtensions.m in Sources */,
				532346ED1DDC61760077CE83 /* UITextField+RACSignalSupport.m in Sources */,
				532346B81DDC61760077CE83 /* RACEmptySequence.m in Sources */,
				532346D41DDC61760077CE83 /* RACSubscriptionScheduler.m in Sources */,
				532346971DDC61760077CE83 /* NSArray+RACSequenceAdditions.m in Sources */,
				532346B31DDC61760077CE83 /* RACDelegateProxy.m in Sources */,
				532346B51DDC61760077CE83 /* RACDynamicSequence.m in Sources */,
				532346D91DDC61760077CE83 /* RACUnarySequence.m in Sources */,
				532346D51DDC61760077CE83 /* RACTargetQueueScheduler.m in Sources */,
				532346CE1DDC61760077CE83 /* RACSignalSequence.m in Sources */,
				532346B41DDC61760077CE83 /* RACDisposable.m in Sources */,
				532346A61DDC61760077CE83 /* NSSet+RACSequenceAdditions.m in Sources */,
				532345BE1DDC60BA0077CE83 /* main.m in Sources */,
				532346CD1DDC61760077CE83 /* RACSignalProvider.d in Sources */,
				532346B11DDC61760077CE83 /* RACCompoundDisposable.m in Sources */,
				532346CC1DDC61760077CE83 /* RACSignal.m in Sources */,
				532346EA1DDC61760077CE83 /* UISwitch+RACSignalSupport.m in Sources */,
				532346E81DDC61760077CE83 /* UISlider+RACSignalSupport.m in Sources */,
				532346AE1DDC61760077CE83 /* RACBlockTrampoline.m in Sources */,
				532346BC1DDC61760077CE83 /* RACGroupedSignal.m in Sources */,
				532346AF1DDC61760077CE83 /* RACChannel.m in Sources */,
				532346B71DDC61760077CE83 /* RACEagerSequence.m in Sources */,
				532346B61DDC61760077CE83 /* RACDynamicSignal.m in Sources */,
				532346BD1DDC61760077CE83 /* RACImmediateScheduler.m in Sources */,
				532346C01DDC61760077CE83 /* RACKVOProxy.m in Sources */,
				532346CB1DDC61760077CE83 /* RACSignal+Operations.m in Sources */,
				5323469B1DDC61760077CE83 /* NSFileHandle+RACSupport.m in Sources */,
				532346E31DDC61760077CE83 /* UIDatePicker+RACSignalSupport.m in Sources */,
				532346B91DDC61760077CE83 /* RACEmptySignal.m in Sources */,
				532346D21DDC61760077CE83 /* RACSubscriber.m in Sources */,
				532346A71DDC61760077CE83 /* NSString+RACKeyPathUtilities.m in Sources */,
				532346A51DDC61760077CE83 /* NSOrderedSet+RACSequenceAdditions.m in Sources */,
				532346B01DDC61760077CE83 /* RACCommand.m in Sources */,
				532346D31DDC61760077CE83 /* RACSubscriptingAssignmentTrampoline.m in Sources */,
				532346DA1DDC61760077CE83 /* RACUnit.m in Sources */,
				532346DE1DDC61760077CE83 /* UIBarButtonItem+RACCommandSupport.m in Sources */,
				532346BA1DDC61760077CE83 /* RACErrorSignal.m in Sources */,
				532346EC1DDC61760077CE83 /* UITableViewHeaderFooterView+RACSignalSupport.m in Sources */,
				5323469E1DDC61760077CE83 /* NSNotificationCenter+RACSupport.m in Sources */,
				532346D71DDC61760077CE83 /* RACTuple.m in Sources */,
				532346991DDC61760077CE83 /* NSDictionary+RACSequenceAdditions.m in Sources */,
				532346DB1DDC61760077CE83 /* RACValueTransformer.m in Sources */,
				532346C91DDC61760077CE83 /* RACSequence.m in Sources */,
				532346A11DDC61760077CE83 /* NSObject+RACKVOWrapper.m in Sources */,
				532346DF1DDC61760077CE83 /* UIButton+RACCommandSupport.m in Sources */,
				532346981DDC61760077CE83 /* NSData+RACSupport.m in Sources */,
				532346BB1DDC61760077CE83 /* RACEvent.m in Sources */,
				532346C41DDC61760077CE83 /* RACQueueScheduler.m in Sources */,
				532346A41DDC61760077CE83 /* NSObject+RACSelectorSignal.m in Sources */,
				532346EB1DDC61760077CE83 /* UITableViewCell+RACSignalSupport.m in Sources */,
				5323469F1DDC61760077CE83 /* NSObject+RACDeallocating.m in Sources */,
				532346C31DDC61760077CE83 /* RACPassthroughSubscriber.m in Sources */,
				532346C61DDC61760077CE83 /* RACReturnSignal.m in Sources */,
			);
			runOnlyForDeploymentPostprocessing = 0;
		};
/* End PBXSourcesBuildPhase section */

/* Begin PBXVariantGroup section */
		532345C51DDC60BA0077CE83 /* Main.storyboard */ = {
			isa = PBXVariantGroup;
			children = (
				532345C61DDC60BA0077CE83 /* Base */,
			);
			name = Main.storyboard;
			sourceTree = "<group>";
		};
		532345CA1DDC60BA0077CE83 /* LaunchScreen.storyboard */ = {
			isa = PBXVariantGroup;
			children = (
				532345CB1DDC60BA0077CE83 /* Base */,
			);
			name = LaunchScreen.storyboard;
			sourceTree = "<group>";
		};
/* End PBXVariantGroup section */

/* Begin XCBuildConfiguration section */
		532345CE1DDC60BA0077CE83 /* Debug */ = {
			isa = XCBuildConfiguration;
			buildSettings = {
				ALWAYS_SEARCH_USER_PATHS = NO;
				CLANG_ANALYZER_NONNULL = YES;
				CLANG_CXX_LANGUAGE_STANDARD = "gnu++0x";
				CLANG_CXX_LIBRARY = "libc++";
				CLANG_ENABLE_MODULES = YES;
				CLANG_ENABLE_OBJC_ARC = YES;
				CLANG_WARN_BOOL_CONVERSION = YES;
				CLANG_WARN_CONSTANT_CONVERSION = YES;
				CLANG_WARN_DIRECT_OBJC_ISA_USAGE = YES_ERROR;
				CLANG_WARN_DOCUMENTATION_COMMENTS = YES;
				CLANG_WARN_EMPTY_BODY = YES;
				CLANG_WARN_ENUM_CONVERSION = YES;
				CLANG_WARN_INFINITE_RECURSION = YES;
				CLANG_WARN_INT_CONVERSION = YES;
				CLANG_WARN_OBJC_ROOT_CLASS = YES_ERROR;
				CLANG_WARN_SUSPICIOUS_MOVES = YES;
				CLANG_WARN_UNREACHABLE_CODE = YES;
				CLANG_WARN__DUPLICATE_METHOD_MATCH = YES;
				"CODE_SIGN_IDENTITY[sdk=iphoneos*]" = "iPhone Developer";
				COPY_PHASE_STRIP = NO;
				DEBUG_INFORMATION_FORMAT = dwarf;
				ENABLE_STRICT_OBJC_MSGSEND = YES;
				ENABLE_TESTABILITY = YES;
				GCC_C_LANGUAGE_STANDARD = gnu99;
				GCC_DYNAMIC_NO_PIC = NO;
				GCC_NO_COMMON_BLOCKS = YES;
				GCC_OPTIMIZATION_LEVEL = 0;
				GCC_PREPROCESSOR_DEFINITIONS = (
					"DEBUG=1",
					"$(inherited)",
				);
				GCC_WARN_64_TO_32_BIT_CONVERSION = YES;
				GCC_WARN_ABOUT_RETURN_TYPE = YES_ERROR;
				GCC_WARN_UNDECLARED_SELECTOR = YES;
				GCC_WARN_UNINITIALIZED_AUTOS = YES_AGGRESSIVE;
				GCC_WARN_UNUSED_FUNCTION = YES;
				GCC_WARN_UNUSED_VARIABLE = YES;
				IPHONEOS_DEPLOYMENT_TARGET = 10.1;
				MTL_ENABLE_DEBUG_INFO = YES;
				ONLY_ACTIVE_ARCH = YES;
				SDKROOT = iphoneos;
				TARGETED_DEVICE_FAMILY = "1,2";
			};
			name = Debug;
		};
		532345CF1DDC60BA0077CE83 /* Release */ = {
			isa = XCBuildConfiguration;
			buildSettings = {
				ALWAYS_SEARCH_USER_PATHS = NO;
				CLANG_ANALYZER_NONNULL = YES;
				CLANG_CXX_LANGUAGE_STANDARD = "gnu++0x";
				CLANG_CXX_LIBRARY = "libc++";
				CLANG_ENABLE_MODULES = YES;
				CLANG_ENABLE_OBJC_ARC = YES;
				CLANG_WARN_BOOL_CONVERSION = YES;
				CLANG_WARN_CONSTANT_CONVERSION = YES;
				CLANG_WARN_DIRECT_OBJC_ISA_USAGE = YES_ERROR;
				CLANG_WARN_DOCUMENTATION_COMMENTS = YES;
				CLANG_WARN_EMPTY_BODY = YES;
				CLANG_WARN_ENUM_CONVERSION = YES;
				CLANG_WARN_INFINITE_RECURSION = YES;
				CLANG_WARN_INT_CONVERSION = YES;
				CLANG_WARN_OBJC_ROOT_CLASS = YES_ERROR;
				CLANG_WARN_SUSPICIOUS_MOVES = YES;
				CLANG_WARN_UNREACHABLE_CODE = YES;
				CLANG_WARN__DUPLICATE_METHOD_MATCH = YES;
				"CODE_SIGN_IDENTITY[sdk=iphoneos*]" = "iPhone Developer";
				COPY_PHASE_STRIP = NO;
				DEBUG_INFORMATION_FORMAT = "dwarf-with-dsym";
				ENABLE_NS_ASSERTIONS = NO;
				ENABLE_STRICT_OBJC_MSGSEND = YES;
				GCC_C_LANGUAGE_STANDARD = gnu99;
				GCC_NO_COMMON_BLOCKS = YES;
				GCC_WARN_64_TO_32_BIT_CONVERSION = YES;
				GCC_WARN_ABOUT_RETURN_TYPE = YES_ERROR;
				GCC_WARN_UNDECLARED_SELECTOR = YES;
				GCC_WARN_UNINITIALIZED_AUTOS = YES_AGGRESSIVE;
				GCC_WARN_UNUSED_FUNCTION = YES;
				GCC_WARN_UNUSED_VARIABLE = YES;
				IPHONEOS_DEPLOYMENT_TARGET = 10.1;
				MTL_ENABLE_DEBUG_INFO = NO;
				SDKROOT = iphoneos;
				TARGETED_DEVICE_FAMILY = "1,2";
				VALIDATE_PRODUCT = YES;
			};
			name = Release;
		};
		532345D11DDC60BA0077CE83 /* Debug */ = {
			isa = XCBuildConfiguration;
			buildSettings = {
				ASSETCATALOG_COMPILER_APPICON_NAME = AppIcon;
				INFOPLIST_FILE = RACDemo/Info.plist;
				IPHONEOS_DEPLOYMENT_TARGET = 9.0;
				LD_RUNPATH_SEARCH_PATHS = "$(inherited) @executable_path/Frameworks";
				PRODUCT_BUNDLE_IDENTIFIER = tencent.com.RACDemo;
				PRODUCT_NAME = "$(TARGET_NAME)";
			};
			name = Debug;
		};
		532345D21DDC60BA0077CE83 /* Release */ = {
			isa = XCBuildConfiguration;
			buildSettings = {
				ASSETCATALOG_COMPILER_APPICON_NAME = AppIcon;
				INFOPLIST_FILE = RACDemo/Info.plist;
				IPHONEOS_DEPLOYMENT_TARGET = 9.0;
				LD_RUNPATH_SEARCH_PATHS = "$(inherited) @executable_path/Frameworks";
				PRODUCT_BUNDLE_IDENTIFIER = tencent.com.RACDemo;
				PRODUCT_NAME = "$(TARGET_NAME)";
			};
			name = Release;
		};
/* End XCBuildConfiguration section */

/* Begin XCConfigurationList section */
		532345B41DDC60BA0077CE83 /* Build configuration list for PBXProject "RACDemo" */ = {
			isa = XCConfigurationList;
			buildConfigurations = (
				532345CE1DDC60BA0077CE83 /* Debug */,
				532345CF1DDC60BA0077CE83 /* Release */,
			);
			defaultConfigurationIsVisible = 0;
			defaultConfigurationName = Release;
		};
		532345D01DDC60BA0077CE83 /* Build configuration list for PBXNativeTarget "RACDemo" */ = {
			isa = XCConfigurationList;
			buildConfigurations = (
				532345D11DDC60BA0077CE83 /* Debug */,
				532345D21DDC60BA0077CE83 /* Release */,
			);
			defaultConfigurationIsVisible = 0;
		};
/* End XCConfigurationList section */
	};
	rootObject = 532345B11DDC60BA0077CE83 /* Project object */;
}
